// !$*UTF8*$!
{
	archiveVersion = 1;
	classes = {
	};
	objectVersion = 46;
	objects = {

/* Begin PBXBuildFile section */
		00C302E51ABCBA2D00DB3ED1 /* libRCTActionSheet.a in Frameworks */ = {isa = PBXBuildFile; fileRef = 00C302AC1ABCB8CE00DB3ED1 /* libRCTActionSheet.a */; };
		00C302E71ABCBA2D00DB3ED1 /* libRCTGeolocation.a in Frameworks */ = {isa = PBXBuildFile; fileRef = 00C302BA1ABCB90400DB3ED1 /* libRCTGeolocation.a */; };
		00C302E81ABCBA2D00DB3ED1 /* libRCTImage.a in Frameworks */ = {isa = PBXBuildFile; fileRef = 00C302C01ABCB91800DB3ED1 /* libRCTImage.a */; };
		00C302E91ABCBA2D00DB3ED1 /* libRCTNetwork.a in Frameworks */ = {isa = PBXBuildFile; fileRef = 00C302DC1ABCB9D200DB3ED1 /* libRCTNetwork.a */; };
		00C302EA1ABCBA2D00DB3ED1 /* libRCTVibration.a in Frameworks */ = {isa = PBXBuildFile; fileRef = 00C302E41ABCB9EE00DB3ED1 /* libRCTVibration.a */; };
		00E356F31AD99517003FC87E /* scsTests.m in Sources */ = {isa = PBXBuildFile; fileRef = 00E356F21AD99517003FC87E /* scsTests.m */; };
		079CDB81045F42FB830E1030 /* Foundation.ttf in Resources */ = {isa = PBXBuildFile; fileRef = 1ECF6BF9010A4944AF1BDA71 /* Foundation.ttf */; };
		133E29F31AD74F7200F7D852 /* libRCTLinking.a in Frameworks */ = {isa = PBXBuildFile; fileRef = 78C398B91ACF4ADC00677621 /* libRCTLinking.a */; };
		139105C61AF99C1200B5F7CC /* libRCTSettings.a in Frameworks */ = {isa = PBXBuildFile; fileRef = 139105C11AF99BAD00B5F7CC /* libRCTSettings.a */; };
		139FDEF61B0652A700C62182 /* libRCTWebSocket.a in Frameworks */ = {isa = PBXBuildFile; fileRef = 139FDEF41B06529B00C62182 /* libRCTWebSocket.a */; };
		13B07FBC1A68108700A75B9A /* AppDelegate.m in Sources */ = {isa = PBXBuildFile; fileRef = 13B07FB01A68108700A75B9A /* AppDelegate.m */; };
		13B07FBF1A68108700A75B9A /* Images.xcassets in Resources */ = {isa = PBXBuildFile; fileRef = 13B07FB51A68108700A75B9A /* Images.xcassets */; };
		13B07FC11A68108700A75B9A /* main.m in Sources */ = {isa = PBXBuildFile; fileRef = 13B07FB71A68108700A75B9A /* main.m */; };
		140ED2AC1D01E1AD002B40FF /* libReact.a in Frameworks */ = {isa = PBXBuildFile; fileRef = 146834041AC3E56700842450 /* libReact.a */; };
		146834051AC3E58100842450 /* libReact.a in Frameworks */ = {isa = PBXBuildFile; fileRef = 146834041AC3E56700842450 /* libReact.a */; };
		16B6A3CB28174817B1A25F1E /* Zocial.ttf in Resources */ = {isa = PBXBuildFile; fileRef = 38684BE51DD642AB9689409B /* Zocial.ttf */; };
		19A43C5260AC480A950B16E3 /* libRCTSplashScreen.a in Frameworks */ = {isa = PBXBuildFile; fileRef = F79F344771464B2C82DFEC84 /* libRCTSplashScreen.a */; };
		24A64755902F404BA3C85495 /* libRNVectorIcons.a in Frameworks */ = {isa = PBXBuildFile; fileRef = A879A828EB1D478090C58689 /* libRNVectorIcons.a */; };
		417621E67E1C4A3A8453AF48 /* EvilIcons.ttf in Resources */ = {isa = PBXBuildFile; fileRef = 8E39FE77E2E34B2990E77475 /* EvilIcons.ttf */; };
		5E9157361DD0AC6A00FF2AA8 /* libRCTAnimation.a in Frameworks */ = {isa = PBXBuildFile; fileRef = 5E9157331DD0AC6500FF2AA8 /* libRCTAnimation.a */; };
		67A96A1652A54079AFFD9E0F /* MaterialIcons.ttf in Resources */ = {isa = PBXBuildFile; fileRef = 95418E460C6A4DBBA709D43C /* MaterialIcons.ttf */; };
		6A812932DB8A4CA8962E0032 /* libRCTJPushModule.a in Frameworks */ = {isa = PBXBuildFile; fileRef = D581C1F908F742ACB10CCCAF /* libRCTJPushModule.a */; };
		832341BD1AAA6AB300B99B32 /* libRCTText.a in Frameworks */ = {isa = PBXBuildFile; fileRef = 832341B51AAA6A8300B99B32 /* libRCTText.a */; };
		834CB46B1E2EFB540020DA36 /* libRNFS.a in Frameworks */ = {isa = PBXBuildFile; fileRef = 834CB4681E2EFB4A0020DA36 /* libRNFS.a */; };
		835717CD1E2DD32900CFFEF9 /* AlipaySDK.bundle in Resources */ = {isa = PBXBuildFile; fileRef = 835717CA1E2DD32900CFFEF9 /* AlipaySDK.bundle */; };
		835717D21E2DD3CB00CFFEF9 /* libc++.tbd in Frameworks */ = {isa = PBXBuildFile; fileRef = 835717D11E2DD3CB00CFFEF9 /* libc++.tbd */; };
		835717D41E2DD3E900CFFEF9 /* libz.tbd in Frameworks */ = {isa = PBXBuildFile; fileRef = 835717D31E2DD3E900CFFEF9 /* libz.tbd */; };
		835717D61E2DD3FF00CFFEF9 /* SystemConfiguration.framework in Frameworks */ = {isa = PBXBuildFile; fileRef = 835717D51E2DD3FF00CFFEF9 /* SystemConfiguration.framework */; };
		835717D81E2DD41000CFFEF9 /* CoreTelephony.framework in Frameworks */ = {isa = PBXBuildFile; fileRef = 835717D71E2DD41000CFFEF9 /* CoreTelephony.framework */; };
		835717DA1E2DD41B00CFFEF9 /* QuartzCore.framework in Frameworks */ = {isa = PBXBuildFile; fileRef = 835717D91E2DD41B00CFFEF9 /* QuartzCore.framework */; };
		835717DC1E2DD42500CFFEF9 /* CoreText.framework in Frameworks */ = {isa = PBXBuildFile; fileRef = 835717DB1E2DD42500CFFEF9 /* CoreText.framework */; };
		835717DE1E2DD42F00CFFEF9 /* CoreGraphics.framework in Frameworks */ = {isa = PBXBuildFile; fileRef = 835717DD1E2DD42F00CFFEF9 /* CoreGraphics.framework */; };
		835717E01E2DD43800CFFEF9 /* UIKit.framework in Frameworks */ = {isa = PBXBuildFile; fileRef = 835717DF1E2DD43800CFFEF9 /* UIKit.framework */; };
		835717E21E2DD50700CFFEF9 /* Foundation.framework in Frameworks */ = {isa = PBXBuildFile; fileRef = 835717E11E2DD50700CFFEF9 /* Foundation.framework */; };
		835717E41E2DD51300CFFEF9 /* CFNetwork.framework in Frameworks */ = {isa = PBXBuildFile; fileRef = 835717E31E2DD51300CFFEF9 /* CFNetwork.framework */; };
		835717E61E2DD51E00CFFEF9 /* CoreMotion.framework in Frameworks */ = {isa = PBXBuildFile; fileRef = 835717E51E2DD51E00CFFEF9 /* CoreMotion.framework */; };
		8372FFE11E31FDD9005976FD /* RSASign.m in Sources */ = {isa = PBXBuildFile; fileRef = 8372FFE01E31FDD9005976FD /* RSASign.m */; };
		8372FFE41E32001F005976FD /* public_key.der in Resources */ = {isa = PBXBuildFile; fileRef = 8372FFE21E32001F005976FD /* public_key.der */; };
		8372FFE51E32001F005976FD /* private_key.p12 in Resources */ = {isa = PBXBuildFile; fileRef = 8372FFE31E32001F005976FD /* private_key.p12 */; };
		8393E4231E457CCC003AB8EC /* libCodePush.a in Frameworks */ = {isa = PBXBuildFile; fileRef = 8393E4061E457BF1003AB8EC /* libCodePush.a */; settings = {ATTRIBUTES = (Required, ); }; };
		8396A12E1E5160AF006DE6EA /* RCTAliPay.xcodeproj in Frameworks */ = {isa = PBXBuildFile; fileRef = 835717A91E2DD29F00CFFEF9 /* RCTAliPay.xcodeproj */; };
		8396A14C1E5160DF006DE6EA /* AlipaySDK.framework in Frameworks */ = {isa = PBXBuildFile; fileRef = 8351AFC71E5143D900A385DF /* AlipaySDK.framework */; };
		83D2531B825D45BC8426892B /* Ionicons.ttf in Resources */ = {isa = PBXBuildFile; fileRef = A56CBE8EB69E4BB1B5114DEF /* Ionicons.ttf */; };
		83DFDBD61E2B23F700DA66B8 /* GBase64.m in Sources */ = {isa = PBXBuildFile; fileRef = 83DFDBCF1E2B23F700DA66B8 /* GBase64.m */; };
		83DFDBD71E2B23F700DA66B8 /* HttpRsaGzip.m in Sources */ = {isa = PBXBuildFile; fileRef = 83DFDBD11E2B23F700DA66B8 /* HttpRsaGzip.m */; };
		83DFDBD81E2B23F700DA66B8 /* LFCGzip+Base64Util.m in Sources */ = {isa = PBXBuildFile; fileRef = 83DFDBD31E2B23F700DA66B8 /* LFCGzip+Base64Util.m */; };
		83DFDBD91E2B23F700DA66B8 /* LFCGzipUtillity.m in Sources */ = {isa = PBXBuildFile; fileRef = 83DFDBD51E2B23F700DA66B8 /* LFCGzipUtillity.m */; };
		83EA50E71E2F6F9300EF5535 /* DFPlugins.m in Sources */ = {isa = PBXBuildFile; fileRef = 83EA50E51E2F6F9300EF5535 /* DFPlugins.m */; };
		83EA511A1E2F70DC00EF5535 /* ImageCompress.m in Sources */ = {isa = PBXBuildFile; fileRef = 83EA51191E2F70DC00EF5535 /* ImageCompress.m */; };
		83EA66C51E2C5DD400EF4E3B /* libRNDeviceInfo.a in Frameworks */ = {isa = PBXBuildFile; fileRef = 83EA66C21E2C5DA600EF4E3B /* libRNDeviceInfo.a */; };
		83EFF4E01E30794900687656 /* AssetsLibrary.framework in Frameworks */ = {isa = PBXBuildFile; fileRef = 83EFF4DF1E30794900687656 /* AssetsLibrary.framework */; };
		83F9A1AF1E484CA200D59A53 /* LaunchScreen.xib in Resources */ = {isa = PBXBuildFile; fileRef = 83F9A1AD1E484CA200D59A53 /* LaunchScreen.xib */; };
		83F9A1B01E484CA200D59A53 /* splash.png in Resources */ = {isa = PBXBuildFile; fileRef = 83F9A1AE1E484CA200D59A53 /* splash.png */; };
		9342A3AC32384637ADD01A12 /* Octicons.ttf in Resources */ = {isa = PBXBuildFile; fileRef = 0063527B63AD42C1A20B260E /* Octicons.ttf */; };
		9FD4E0441E222EDD0015B6FD /* libRCTCameraRoll.a in Frameworks */ = {isa = PBXBuildFile; fileRef = 9FD4E0431E222E940015B6FD /* libRCTCameraRoll.a */; };
		A594C66395D04BB994FB93DF /* libRNSpinkit.a in Frameworks */ = {isa = PBXBuildFile; fileRef = 4EDC8207CCDF4E7FBDEBABA1 /* libRNSpinkit.a */; };
		BEE5B3F8FA61436D8A47E379 /* Entypo.ttf in Resources */ = {isa = PBXBuildFile; fileRef = BD7BC91F97A542F49C140076 /* Entypo.ttf */; };
		CC4DF1E173F74D18A449A760 /* libRCTBEEPickerManager.a in Frameworks */ = {isa = PBXBuildFile; fileRef = 18FC87A5CA5A451D8DCEB41D /* libRCTBEEPickerManager.a */; };
		D1DCE31FC3794153840F9424 /* SimpleLineIcons.ttf in Resources */ = {isa = PBXBuildFile; fileRef = 88F10F25BA764F37B974101E /* SimpleLineIcons.ttf */; };
		DE20D4F2E36C453FB4687DFB /* FontAwesome.ttf in Resources */ = {isa = PBXBuildFile; fileRef = D6BFD4209FFA42F885E0012E /* FontAwesome.ttf */; };
/* End PBXBuildFile section */

/* Begin PBXContainerItemProxy section */
		00C302AB1ABCB8CE00DB3ED1 /* PBXContainerItemProxy */ = {
			isa = PBXContainerItemProxy;
			containerPortal = 00C302A71ABCB8CE00DB3ED1 /* RCTActionSheet.xcodeproj */;
			proxyType = 2;
			remoteGlobalIDString = 134814201AA4EA6300B7C361;
			remoteInfo = RCTActionSheet;
		};
		00C302B91ABCB90400DB3ED1 /* PBXContainerItemProxy */ = {
			isa = PBXContainerItemProxy;
			containerPortal = 00C302B51ABCB90400DB3ED1 /* RCTGeolocation.xcodeproj */;
			proxyType = 2;
			remoteGlobalIDString = 134814201AA4EA6300B7C361;
			remoteInfo = RCTGeolocation;
		};
		00C302BF1ABCB91800DB3ED1 /* PBXContainerItemProxy */ = {
			isa = PBXContainerItemProxy;
			containerPortal = 00C302BB1ABCB91800DB3ED1 /* RCTImage.xcodeproj */;
			proxyType = 2;
			remoteGlobalIDString = 58B5115D1A9E6B3D00147676;
			remoteInfo = RCTImage;
		};
		00C302DB1ABCB9D200DB3ED1 /* PBXContainerItemProxy */ = {
			isa = PBXContainerItemProxy;
			containerPortal = 00C302D31ABCB9D200DB3ED1 /* RCTNetwork.xcodeproj */;
			proxyType = 2;
			remoteGlobalIDString = 58B511DB1A9E6C8500147676;
			remoteInfo = RCTNetwork;
		};
		00C302E31ABCB9EE00DB3ED1 /* PBXContainerItemProxy */ = {
			isa = PBXContainerItemProxy;
			containerPortal = 00C302DF1ABCB9EE00DB3ED1 /* RCTVibration.xcodeproj */;
			proxyType = 2;
			remoteGlobalIDString = 832C81801AAF6DEF007FA2F7;
			remoteInfo = RCTVibration;
		};
		00E356F41AD99517003FC87E /* PBXContainerItemProxy */ = {
			isa = PBXContainerItemProxy;
			containerPortal = 83CBB9F71A601CBA00E9B192 /* Project object */;
			proxyType = 1;
			remoteGlobalIDString = 13B07F861A680F5B00A75B9A;
			remoteInfo = scs;
		};
		139105C01AF99BAD00B5F7CC /* PBXContainerItemProxy */ = {
			isa = PBXContainerItemProxy;
			containerPortal = 139105B61AF99BAD00B5F7CC /* RCTSettings.xcodeproj */;
			proxyType = 2;
			remoteGlobalIDString = 134814201AA4EA6300B7C361;
			remoteInfo = RCTSettings;
		};
		139FDEF31B06529B00C62182 /* PBXContainerItemProxy */ = {
			isa = PBXContainerItemProxy;
			containerPortal = 139FDEE61B06529A00C62182 /* RCTWebSocket.xcodeproj */;
			proxyType = 2;
			remoteGlobalIDString = 3C86DF461ADF2C930047B81A;
			remoteInfo = RCTWebSocket;
		};
		146834031AC3E56700842450 /* PBXContainerItemProxy */ = {
			isa = PBXContainerItemProxy;
			containerPortal = 146833FF1AC3E56700842450 /* React.xcodeproj */;
			proxyType = 2;
			remoteGlobalIDString = 83CBBA2E1A601D0E00E9B192;
			remoteInfo = React;
		};
		5E9157321DD0AC6500FF2AA8 /* PBXContainerItemProxy */ = {
			isa = PBXContainerItemProxy;
			containerPortal = 5E91572D1DD0AC6500FF2AA8 /* RCTAnimation.xcodeproj */;
			proxyType = 2;
			remoteGlobalIDString = 134814201AA4EA6300B7C361;
			remoteInfo = RCTAnimation;
		};
		5E9157341DD0AC6500FF2AA8 /* PBXContainerItemProxy */ = {
			isa = PBXContainerItemProxy;
			containerPortal = 5E91572D1DD0AC6500FF2AA8 /* RCTAnimation.xcodeproj */;
			proxyType = 2;
			remoteGlobalIDString = 2D2A28201D9B03D100D4039D;
			remoteInfo = "RCTAnimation-tvOS";
		};
		78C398B81ACF4ADC00677621 /* PBXContainerItemProxy */ = {
			isa = PBXContainerItemProxy;
			containerPortal = 78C398B01ACF4ADC00677621 /* RCTLinking.xcodeproj */;
			proxyType = 2;
			remoteGlobalIDString = 134814201AA4EA6300B7C361;
			remoteInfo = RCTLinking;
		};
		832341B41AAA6A8300B99B32 /* PBXContainerItemProxy */ = {
			isa = PBXContainerItemProxy;
			containerPortal = 832341B01AAA6A8300B99B32 /* RCTText.xcodeproj */;
			proxyType = 2;
			remoteGlobalIDString = 58B5119B1A9E6C1200147676;
			remoteInfo = RCTText;
		};
		834CB4671E2EFB4A0020DA36 /* PBXContainerItemProxy */ = {
			isa = PBXContainerItemProxy;
			containerPortal = 834CB44A1E2EFB4A0020DA36 /* RNFS.xcodeproj */;
			proxyType = 2;
			remoteGlobalIDString = F12AFB9B1ADAF8F800E0535D;
			remoteInfo = RNFS;
		};
		835717AE1E2DD2A000CFFEF9 /* PBXContainerItemProxy */ = {
			isa = PBXContainerItemProxy;
			containerPortal = 835717A91E2DD29F00CFFEF9 /* RCTAliPay.xcodeproj */;
			proxyType = 2;
			remoteGlobalIDString = 9F303CF51E0B7B94002A4A05;
			remoteInfo = RCTAliPay;
		};
		8393E4051E457BF1003AB8EC /* PBXContainerItemProxy */ = {
			isa = PBXContainerItemProxy;
			containerPortal = 8393E4011E457BF1003AB8EC /* CodePush.xcodeproj */;
			proxyType = 2;
			remoteGlobalIDString = 134814201AA4EA6300B7C361;
			remoteInfo = CodePush;
		};
		839896911E19498100CB0E19 /* PBXContainerItemProxy */ = {
			isa = PBXContainerItemProxy;
			containerPortal = 7B33988A716D4AF5BE41E270 /* RCTBEEPickerManager.xcodeproj */;
			proxyType = 2;
			remoteGlobalIDString = 17D41E551D7EE0CA0031415E;
			remoteInfo = RCTBEEPickerManager;
		};
		839896961E19498100CB0E19 /* PBXContainerItemProxy */ = {
			isa = PBXContainerItemProxy;
			containerPortal = 00C302BB1ABCB91800DB3ED1 /* RCTImage.xcodeproj */;
			proxyType = 2;
			remoteGlobalIDString = 2D2A283A1D9B042B00D4039D;
			remoteInfo = "RCTImage-tvOS";
		};
		8398969A1E19498100CB0E19 /* PBXContainerItemProxy */ = {
			isa = PBXContainerItemProxy;
			containerPortal = 78C398B01ACF4ADC00677621 /* RCTLinking.xcodeproj */;
			proxyType = 2;
			remoteGlobalIDString = 2D2A28471D9B043800D4039D;
			remoteInfo = "RCTLinking-tvOS";
		};
		8398969E1E19498100CB0E19 /* PBXContainerItemProxy */ = {
			isa = PBXContainerItemProxy;
			containerPortal = 00C302D31ABCB9D200DB3ED1 /* RCTNetwork.xcodeproj */;
			proxyType = 2;
			remoteGlobalIDString = 2D2A28541D9B044C00D4039D;
			remoteInfo = "RCTNetwork-tvOS";
		};
		839896A21E19498100CB0E19 /* PBXContainerItemProxy */ = {
			isa = PBXContainerItemProxy;
			containerPortal = 139105B61AF99BAD00B5F7CC /* RCTSettings.xcodeproj */;
			proxyType = 2;
			remoteGlobalIDString = 2D2A28611D9B046600D4039D;
			remoteInfo = "RCTSettings-tvOS";
		};
		839896A51E19498100CB0E19 /* PBXContainerItemProxy */ = {
			isa = PBXContainerItemProxy;
			containerPortal = 6D9F723DCCAC49639A33BB8E /* RCTSplashScreen.xcodeproj */;
			proxyType = 2;
			remoteGlobalIDString = 9F90C2241D619E9400F3E238;
			remoteInfo = RCTSplashScreen;
		};
		839896A91E19498100CB0E19 /* PBXContainerItemProxy */ = {
			isa = PBXContainerItemProxy;
			containerPortal = 832341B01AAA6A8300B99B32 /* RCTText.xcodeproj */;
			proxyType = 2;
			remoteGlobalIDString = 2D2A287B1D9B048500D4039D;
			remoteInfo = "RCTText-tvOS";
		};
		839896AE1E19498100CB0E19 /* PBXContainerItemProxy */ = {
			isa = PBXContainerItemProxy;
			containerPortal = 139FDEE61B06529A00C62182 /* RCTWebSocket.xcodeproj */;
			proxyType = 2;
			remoteGlobalIDString = 2D2A28881D9B049200D4039D;
			remoteInfo = "RCTWebSocket-tvOS";
		};
		839896B21E19498100CB0E19 /* PBXContainerItemProxy */ = {
			isa = PBXContainerItemProxy;
			containerPortal = 146833FF1AC3E56700842450 /* React.xcodeproj */;
			proxyType = 2;
			remoteGlobalIDString = 2D2A28131D9B038B00D4039D;
			remoteInfo = "React-tvOS";
		};
		839896B51E19498100CB0E19 /* PBXContainerItemProxy */ = {
			isa = PBXContainerItemProxy;
			containerPortal = 850590DA1F8447C989941C44 /* RNSpinkit.xcodeproj */;
			proxyType = 2;
			remoteGlobalIDString = D42CB3511B2538DE00FD0AE2;
			remoteInfo = RNSpinkit;
		};
		839896B81E19498100CB0E19 /* PBXContainerItemProxy */ = {
			isa = PBXContainerItemProxy;
			containerPortal = A4603C38D6FA47C58BB93AB6 /* RNVectorIcons.xcodeproj */;
			proxyType = 2;
			remoteGlobalIDString = 5DBEB1501B18CEA900B34395;
			remoteInfo = RNVectorIcons;
		};
		83EA66C11E2C5DA600EF4E3B /* PBXContainerItemProxy */ = {
			isa = PBXContainerItemProxy;
			containerPortal = 83EA66A61E2C5DA600EF4E3B /* RNDeviceInfo.xcodeproj */;
			proxyType = 2;
			remoteGlobalIDString = DA5891D81BA9A9FC002B4DB2;
			remoteInfo = RNDeviceInfo;
		};
		83F8EA5E1E2495CD00CC78EF /* PBXContainerItemProxy */ = {
			isa = PBXContainerItemProxy;
			containerPortal = 248FD42788474F79A223B56D /* RCTJPushModule.xcodeproj */;
			proxyType = 2;
			remoteGlobalIDString = 6280980A1CEDC407000D3A81;
			remoteInfo = RCTJPushModule;
		};
		9FD4E0421E222E940015B6FD /* PBXContainerItemProxy */ = {
			isa = PBXContainerItemProxy;
			containerPortal = 9FD4E03E1E222E940015B6FD /* RCTCameraRoll.xcodeproj */;
			proxyType = 2;
			remoteGlobalIDString = 58B5115D1A9E6B3D00147676;
			remoteInfo = RCTCameraRoll;
		};
/* End PBXContainerItemProxy section */

/* Begin PBXFileReference section */
		0063527B63AD42C1A20B260E /* Octicons.ttf */ = {isa = PBXFileReference; explicitFileType = undefined; fileEncoding = 9; includeInIndex = 0; lastKnownFileType = unknown; name = Octicons.ttf; path = "../node_modules/react-native-vector-icons/Fonts/Octicons.ttf"; sourceTree = "<group>"; };
		008F07F21AC5B25A0029DE68 /* main.jsbundle */ = {isa = PBXFileReference; fileEncoding = 4; lastKnownFileType = text; path = main.jsbundle; sourceTree = "<group>"; };
		00C302A71ABCB8CE00DB3ED1 /* RCTActionSheet.xcodeproj */ = {isa = PBXFileReference; lastKnownFileType = "wrapper.pb-project"; name = RCTActionSheet.xcodeproj; path = "../node_modules/react-native/Libraries/ActionSheetIOS/RCTActionSheet.xcodeproj"; sourceTree = "<group>"; };
		00C302B51ABCB90400DB3ED1 /* RCTGeolocation.xcodeproj */ = {isa = PBXFileReference; lastKnownFileType = "wrapper.pb-project"; name = RCTGeolocation.xcodeproj; path = "../node_modules/react-native/Libraries/Geolocation/RCTGeolocation.xcodeproj"; sourceTree = "<group>"; };
		00C302BB1ABCB91800DB3ED1 /* RCTImage.xcodeproj */ = {isa = PBXFileReference; lastKnownFileType = "wrapper.pb-project"; name = RCTImage.xcodeproj; path = "../node_modules/react-native/Libraries/Image/RCTImage.xcodeproj"; sourceTree = "<group>"; };
		00C302D31ABCB9D200DB3ED1 /* RCTNetwork.xcodeproj */ = {isa = PBXFileReference; lastKnownFileType = "wrapper.pb-project"; name = RCTNetwork.xcodeproj; path = "../node_modules/react-native/Libraries/Network/RCTNetwork.xcodeproj"; sourceTree = "<group>"; };
		00C302DF1ABCB9EE00DB3ED1 /* RCTVibration.xcodeproj */ = {isa = PBXFileReference; lastKnownFileType = "wrapper.pb-project"; name = RCTVibration.xcodeproj; path = "../node_modules/react-native/Libraries/Vibration/RCTVibration.xcodeproj"; sourceTree = "<group>"; };
		00E356EE1AD99517003FC87E /* scsTests.xctest */ = {isa = PBXFileReference; explicitFileType = wrapper.cfbundle; includeInIndex = 0; path = scsTests.xctest; sourceTree = BUILT_PRODUCTS_DIR; };
		00E356F11AD99517003FC87E /* Info.plist */ = {isa = PBXFileReference; lastKnownFileType = text.plist.xml; path = Info.plist; sourceTree = "<group>"; };
		00E356F21AD99517003FC87E /* scsTests.m */ = {isa = PBXFileReference; lastKnownFileType = sourcecode.c.objc; path = scsTests.m; sourceTree = "<group>"; };
		139105B61AF99BAD00B5F7CC /* RCTSettings.xcodeproj */ = {isa = PBXFileReference; lastKnownFileType = "wrapper.pb-project"; name = RCTSettings.xcodeproj; path = "../node_modules/react-native/Libraries/Settings/RCTSettings.xcodeproj"; sourceTree = "<group>"; };
		139FDEE61B06529A00C62182 /* RCTWebSocket.xcodeproj */ = {isa = PBXFileReference; lastKnownFileType = "wrapper.pb-project"; name = RCTWebSocket.xcodeproj; path = "../node_modules/react-native/Libraries/WebSocket/RCTWebSocket.xcodeproj"; sourceTree = "<group>"; };
		13B07F961A680F5B00A75B9A /* scs.app */ = {isa = PBXFileReference; explicitFileType = wrapper.application; includeInIndex = 0; path = scs.app; sourceTree = BUILT_PRODUCTS_DIR; };
		13B07FAF1A68108700A75B9A /* AppDelegate.h */ = {isa = PBXFileReference; fileEncoding = 4; lastKnownFileType = sourcecode.c.h; name = AppDelegate.h; path = scs/AppDelegate.h; sourceTree = "<group>"; };
		13B07FB01A68108700A75B9A /* AppDelegate.m */ = {isa = PBXFileReference; fileEncoding = 4; lastKnownFileType = sourcecode.c.objc; name = AppDelegate.m; path = scs/AppDelegate.m; sourceTree = "<group>"; };
		13B07FB51A68108700A75B9A /* Images.xcassets */ = {isa = PBXFileReference; lastKnownFileType = folder.assetcatalog; name = Images.xcassets; path = scs/Images.xcassets; sourceTree = "<group>"; };
		13B07FB61A68108700A75B9A /* Info.plist */ = {isa = PBXFileReference; fileEncoding = 4; lastKnownFileType = text.plist.xml; name = Info.plist; path = scs/Info.plist; sourceTree = "<group>"; };
		13B07FB71A68108700A75B9A /* main.m */ = {isa = PBXFileReference; fileEncoding = 4; lastKnownFileType = sourcecode.c.objc; name = main.m; path = scs/main.m; sourceTree = "<group>"; };
		146833FF1AC3E56700842450 /* React.xcodeproj */ = {isa = PBXFileReference; lastKnownFileType = "wrapper.pb-project"; name = React.xcodeproj; path = "../node_modules/react-native/React/React.xcodeproj"; sourceTree = "<group>"; };
		18FC87A5CA5A451D8DCEB41D /* libRCTBEEPickerManager.a */ = {isa = PBXFileReference; explicitFileType = undefined; fileEncoding = 9; includeInIndex = 0; lastKnownFileType = archive.ar; path = libRCTBEEPickerManager.a; sourceTree = "<group>"; };
		1ECF6BF9010A4944AF1BDA71 /* Foundation.ttf */ = {isa = PBXFileReference; explicitFileType = undefined; fileEncoding = 9; includeInIndex = 0; lastKnownFileType = unknown; name = Foundation.ttf; path = "../node_modules/react-native-vector-icons/Fonts/Foundation.ttf"; sourceTree = "<group>"; };
		248FD42788474F79A223B56D /* RCTJPushModule.xcodeproj */ = {isa = PBXFileReference; explicitFileType = undefined; fileEncoding = 9; includeInIndex = 0; lastKnownFileType = "wrapper.pb-project"; name = RCTJPushModule.xcodeproj; path = "../node_modules/jpush-react-native/ios/RCTJPushModule/RCTJPushModule.xcodeproj"; sourceTree = "<group>"; };
		38684BE51DD642AB9689409B /* Zocial.ttf */ = {isa = PBXFileReference; explicitFileType = undefined; fileEncoding = 9; includeInIndex = 0; lastKnownFileType = unknown; name = Zocial.ttf; path = "../node_modules/react-native-vector-icons/Fonts/Zocial.ttf"; sourceTree = "<group>"; };
		4EDC8207CCDF4E7FBDEBABA1 /* libRNSpinkit.a */ = {isa = PBXFileReference; explicitFileType = undefined; fileEncoding = 9; includeInIndex = 0; lastKnownFileType = archive.ar; path = libRNSpinkit.a; sourceTree = "<group>"; };
		5E91572D1DD0AC6500FF2AA8 /* RCTAnimation.xcodeproj */ = {isa = PBXFileReference; lastKnownFileType = "wrapper.pb-project"; name = RCTAnimation.xcodeproj; path = "../node_modules/react-native/Libraries/NativeAnimation/RCTAnimation.xcodeproj"; sourceTree = "<group>"; };
		6D9F723DCCAC49639A33BB8E /* RCTSplashScreen.xcodeproj */ = {isa = PBXFileReference; explicitFileType = undefined; fileEncoding = 9; includeInIndex = 0; lastKnownFileType = "wrapper.pb-project"; name = RCTSplashScreen.xcodeproj; path = "../node_modules/react-native-smart-splash-screen/ios/RCTSplashScreen/RCTSplashScreen.xcodeproj"; sourceTree = "<group>"; };
		78C398B01ACF4ADC00677621 /* RCTLinking.xcodeproj */ = {isa = PBXFileReference; lastKnownFileType = "wrapper.pb-project"; name = RCTLinking.xcodeproj; path = "../node_modules/react-native/Libraries/LinkingIOS/RCTLinking.xcodeproj"; sourceTree = "<group>"; };
		7B33988A716D4AF5BE41E270 /* RCTBEEPickerManager.xcodeproj */ = {isa = PBXFileReference; explicitFileType = undefined; fileEncoding = 9; includeInIndex = 0; lastKnownFileType = "wrapper.pb-project"; name = RCTBEEPickerManager.xcodeproj; path = "../node_modules/react-native-picker/ios/RCTBEEPickerManager.xcodeproj"; sourceTree = "<group>"; };
		832341B01AAA6A8300B99B32 /* RCTText.xcodeproj */ = {isa = PBXFileReference; lastKnownFileType = "wrapper.pb-project"; name = RCTText.xcodeproj; path = "../node_modules/react-native/Libraries/Text/RCTText.xcodeproj"; sourceTree = "<group>"; };
		834CB44A1E2EFB4A0020DA36 /* RNFS.xcodeproj */ = {isa = PBXFileReference; lastKnownFileType = "wrapper.pb-project"; name = RNFS.xcodeproj; path = "../node_modules/react-native-fs/RNFS.xcodeproj"; sourceTree = "<group>"; };
		8351AFC51E51437800A385DF /* AlipaySDK */ = {isa = PBXFileReference; lastKnownFileType = "compiled.mach-o.objfile"; name = AlipaySDK; path = "../node_modules/react-native-smart-alipay/ios/Frameworks/AlipaySDK.framework/AlipaySDK"; sourceTree = "<group>"; };
		8351AFC71E5143D900A385DF /* AlipaySDK.framework */ = {isa = PBXFileReference; lastKnownFileType = wrapper.framework; name = AlipaySDK.framework; path = "../node_modules/react-native-smart-alipay/ios/Frameworks/AlipaySDK.framework"; sourceTree = "<group>"; };
		835717A91E2DD29F00CFFEF9 /* RCTAliPay.xcodeproj */ = {isa = PBXFileReference; lastKnownFileType = "wrapper.pb-project"; name = RCTAliPay.xcodeproj; path = "../node_modules/react-native-smart-alipay/ios/RCTAliPay/RCTAliPay.xcodeproj"; sourceTree = "<group>"; };
		835717CA1E2DD32900CFFEF9 /* AlipaySDK.bundle */ = {isa = PBXFileReference; lastKnownFileType = "wrapper.plug-in"; path = AlipaySDK.bundle; sourceTree = "<group>"; };
		835717CC1E2DD32900CFFEF9 /* AlipaySDK.framework */ = {isa = PBXFileReference; lastKnownFileType = wrapper.framework; path = AlipaySDK.framework; sourceTree = "<group>"; };
		835717D11E2DD3CB00CFFEF9 /* libc++.tbd */ = {isa = PBXFileReference; lastKnownFileType = "sourcecode.text-based-dylib-definition"; name = "libc++.tbd"; path = "usr/lib/libc++.tbd"; sourceTree = SDKROOT; };
		835717D31E2DD3E900CFFEF9 /* libz.tbd */ = {isa = PBXFileReference; lastKnownFileType = "sourcecode.text-based-dylib-definition"; name = libz.tbd; path = usr/lib/libz.tbd; sourceTree = SDKROOT; };
		835717D51E2DD3FF00CFFEF9 /* SystemConfiguration.framework */ = {isa = PBXFileReference; lastKnownFileType = wrapper.framework; name = SystemConfiguration.framework; path = System/Library/Frameworks/SystemConfiguration.framework; sourceTree = SDKROOT; };
		835717D71E2DD41000CFFEF9 /* CoreTelephony.framework */ = {isa = PBXFileReference; lastKnownFileType = wrapper.framework; name = CoreTelephony.framework; path = System/Library/Frameworks/CoreTelephony.framework; sourceTree = SDKROOT; };
		835717D91E2DD41B00CFFEF9 /* QuartzCore.framework */ = {isa = PBXFileReference; lastKnownFileType = wrapper.framework; name = QuartzCore.framework; path = System/Library/Frameworks/QuartzCore.framework; sourceTree = SDKROOT; };
		835717DB1E2DD42500CFFEF9 /* CoreText.framework */ = {isa = PBXFileReference; lastKnownFileType = wrapper.framework; name = CoreText.framework; path = System/Library/Frameworks/CoreText.framework; sourceTree = SDKROOT; };
		835717DD1E2DD42F00CFFEF9 /* CoreGraphics.framework */ = {isa = PBXFileReference; lastKnownFileType = wrapper.framework; name = CoreGraphics.framework; path = System/Library/Frameworks/CoreGraphics.framework; sourceTree = SDKROOT; };
		835717DF1E2DD43800CFFEF9 /* UIKit.framework */ = {isa = PBXFileReference; lastKnownFileType = wrapper.framework; name = UIKit.framework; path = System/Library/Frameworks/UIKit.framework; sourceTree = SDKROOT; };
		835717E11E2DD50700CFFEF9 /* Foundation.framework */ = {isa = PBXFileReference; lastKnownFileType = wrapper.framework; name = Foundation.framework; path = System/Library/Frameworks/Foundation.framework; sourceTree = SDKROOT; };
		835717E31E2DD51300CFFEF9 /* CFNetwork.framework */ = {isa = PBXFileReference; lastKnownFileType = wrapper.framework; name = CFNetwork.framework; path = System/Library/Frameworks/CFNetwork.framework; sourceTree = SDKROOT; };
		835717E51E2DD51E00CFFEF9 /* CoreMotion.framework */ = {isa = PBXFileReference; lastKnownFileType = wrapper.framework; name = CoreMotion.framework; path = System/Library/Frameworks/CoreMotion.framework; sourceTree = SDKROOT; };
		8372FFDF1E31FDD9005976FD /* RSASign.h */ = {isa = PBXFileReference; fileEncoding = 4; lastKnownFileType = sourcecode.c.h; path = RSASign.h; sourceTree = "<group>"; };
		8372FFE01E31FDD9005976FD /* RSASign.m */ = {isa = PBXFileReference; fileEncoding = 4; lastKnownFileType = sourcecode.c.objc; path = RSASign.m; sourceTree = "<group>"; };
		8372FFE21E32001F005976FD /* public_key.der */ = {isa = PBXFileReference; lastKnownFileType = file; path = public_key.der; sourceTree = "<group>"; };
		8372FFE31E32001F005976FD /* private_key.p12 */ = {isa = PBXFileReference; lastKnownFileType = file; path = private_key.p12; sourceTree = "<group>"; };
		8393E4011E457BF1003AB8EC /* CodePush.xcodeproj */ = {isa = PBXFileReference; lastKnownFileType = "wrapper.pb-project"; name = CodePush.xcodeproj; path = "../node_modules/react-native-code-push/ios/CodePush.xcodeproj"; sourceTree = "<group>"; };
		8393E43A1E458271003AB8EC /* CodePush.h */ = {isa = PBXFileReference; fileEncoding = 4; lastKnownFileType = sourcecode.c.h; name = CodePush.h; path = "../node_modules/react-native-code-push/ios/CodePush/CodePush.h"; sourceTree = "<group>"; };
		83DFDBCE1E2B23F700DA66B8 /* GBase64.h */ = {isa = PBXFileReference; fileEncoding = 4; lastKnownFileType = sourcecode.c.h; path = GBase64.h; sourceTree = "<group>"; };
		83DFDBCF1E2B23F700DA66B8 /* GBase64.m */ = {isa = PBXFileReference; fileEncoding = 4; lastKnownFileType = sourcecode.c.objc; path = GBase64.m; sourceTree = "<group>"; };
		83DFDBD01E2B23F700DA66B8 /* HttpRsaGzip.h */ = {isa = PBXFileReference; fileEncoding = 4; lastKnownFileType = sourcecode.c.h; path = HttpRsaGzip.h; sourceTree = "<group>"; };
		83DFDBD11E2B23F700DA66B8 /* HttpRsaGzip.m */ = {isa = PBXFileReference; fileEncoding = 4; lastKnownFileType = sourcecode.c.objc; path = HttpRsaGzip.m; sourceTree = "<group>"; };
		83DFDBD21E2B23F700DA66B8 /* LFCGzip+Base64Util.h */ = {isa = PBXFileReference; fileEncoding = 4; lastKnownFileType = sourcecode.c.h; path = "LFCGzip+Base64Util.h"; sourceTree = "<group>"; };
		83DFDBD31E2B23F700DA66B8 /* LFCGzip+Base64Util.m */ = {isa = PBXFileReference; fileEncoding = 4; lastKnownFileType = sourcecode.c.objc; path = "LFCGzip+Base64Util.m"; sourceTree = "<group>"; };
		83DFDBD41E2B23F700DA66B8 /* LFCGzipUtillity.h */ = {isa = PBXFileReference; fileEncoding = 4; lastKnownFileType = sourcecode.c.h; path = LFCGzipUtillity.h; sourceTree = "<group>"; };
		83DFDBD51E2B23F700DA66B8 /* LFCGzipUtillity.m */ = {isa = PBXFileReference; fileEncoding = 4; lastKnownFileType = sourcecode.c.objc; path = LFCGzipUtillity.m; sourceTree = "<group>"; };
		83EA50E51E2F6F9300EF5535 /* DFPlugins.m */ = {isa = PBXFileReference; fileEncoding = 4; lastKnownFileType = sourcecode.c.objc; name = DFPlugins.m; path = Frameworks/DFPlugins.m; sourceTree = "<group>"; };
		83EA50E61E2F6F9300EF5535 /* DFPlugins.h */ = {isa = PBXFileReference; fileEncoding = 4; lastKnownFileType = sourcecode.c.h; name = DFPlugins.h; path = Frameworks/DFPlugins.h; sourceTree = "<group>"; };
		83EA51181E2F70DC00EF5535 /* ImageCompress.h */ = {isa = PBXFileReference; fileEncoding = 4; lastKnownFileType = sourcecode.c.h; path = ImageCompress.h; sourceTree = "<group>"; };
		83EA51191E2F70DC00EF5535 /* ImageCompress.m */ = {isa = PBXFileReference; fileEncoding = 4; lastKnownFileType = sourcecode.c.objc; path = ImageCompress.m; sourceTree = "<group>"; };
		83EA66A61E2C5DA600EF4E3B /* RNDeviceInfo.xcodeproj */ = {isa = PBXFileReference; lastKnownFileType = "wrapper.pb-project"; name = RNDeviceInfo.xcodeproj; path = "../node_modules/react-native-device-info/RNDeviceInfo.xcodeproj"; sourceTree = "<group>"; };
		83EFF4DF1E30794900687656 /* AssetsLibrary.framework */ = {isa = PBXFileReference; lastKnownFileType = wrapper.framework; name = AssetsLibrary.framework; path = System/Library/Frameworks/AssetsLibrary.framework; sourceTree = SDKROOT; };
		83F9A1AD1E484CA200D59A53 /* LaunchScreen.xib */ = {isa = PBXFileReference; fileEncoding = 4; lastKnownFileType = file.xib; path = LaunchScreen.xib; sourceTree = "<group>"; };
		83F9A1AE1E484CA200D59A53 /* splash.png */ = {isa = PBXFileReference; lastKnownFileType = image.png; path = splash.png; sourceTree = "<group>"; };
		850590DA1F8447C989941C44 /* RNSpinkit.xcodeproj */ = {isa = PBXFileReference; explicitFileType = undefined; fileEncoding = 9; includeInIndex = 0; lastKnownFileType = "wrapper.pb-project"; name = RNSpinkit.xcodeproj; path = "../node_modules/react-native-spinkit/ios/RNSpinkit.xcodeproj"; sourceTree = "<group>"; };
		88F10F25BA764F37B974101E /* SimpleLineIcons.ttf */ = {isa = PBXFileReference; explicitFileType = undefined; fileEncoding = 9; includeInIndex = 0; lastKnownFileType = unknown; name = SimpleLineIcons.ttf; path = "../node_modules/react-native-vector-icons/Fonts/SimpleLineIcons.ttf"; sourceTree = "<group>"; };
		8E39FE77E2E34B2990E77475 /* EvilIcons.ttf */ = {isa = PBXFileReference; explicitFileType = undefined; fileEncoding = 9; includeInIndex = 0; lastKnownFileType = unknown; name = EvilIcons.ttf; path = "../node_modules/react-native-vector-icons/Fonts/EvilIcons.ttf"; sourceTree = "<group>"; };
		95418E460C6A4DBBA709D43C /* MaterialIcons.ttf */ = {isa = PBXFileReference; explicitFileType = undefined; fileEncoding = 9; includeInIndex = 0; lastKnownFileType = unknown; name = MaterialIcons.ttf; path = "../node_modules/react-native-vector-icons/Fonts/MaterialIcons.ttf"; sourceTree = "<group>"; };
		9FD4E03E1E222E940015B6FD /* RCTCameraRoll.xcodeproj */ = {isa = PBXFileReference; lastKnownFileType = "wrapper.pb-project"; name = RCTCameraRoll.xcodeproj; path = "../node_modules/react-native/Libraries/CameraRoll/RCTCameraRoll.xcodeproj"; sourceTree = "<group>"; };
		A4603C38D6FA47C58BB93AB6 /* RNVectorIcons.xcodeproj */ = {isa = PBXFileReference; explicitFileType = undefined; fileEncoding = 9; includeInIndex = 0; lastKnownFileType = "wrapper.pb-project"; name = RNVectorIcons.xcodeproj; path = "../node_modules/react-native-vector-icons/RNVectorIcons.xcodeproj"; sourceTree = "<group>"; };
		A56CBE8EB69E4BB1B5114DEF /* Ionicons.ttf */ = {isa = PBXFileReference; explicitFileType = undefined; fileEncoding = 9; includeInIndex = 0; lastKnownFileType = unknown; name = Ionicons.ttf; path = "../node_modules/react-native-vector-icons/Fonts/Ionicons.ttf"; sourceTree = "<group>"; };
		A879A828EB1D478090C58689 /* libRNVectorIcons.a */ = {isa = PBXFileReference; explicitFileType = undefined; fileEncoding = 9; includeInIndex = 0; lastKnownFileType = archive.ar; path = libRNVectorIcons.a; sourceTree = "<group>"; };
		BD7BC91F97A542F49C140076 /* Entypo.ttf */ = {isa = PBXFileReference; explicitFileType = undefined; fileEncoding = 9; includeInIndex = 0; lastKnownFileType = unknown; name = Entypo.ttf; path = "../node_modules/react-native-vector-icons/Fonts/Entypo.ttf"; sourceTree = "<group>"; };
		D581C1F908F742ACB10CCCAF /* libRCTJPushModule.a */ = {isa = PBXFileReference; explicitFileType = undefined; fileEncoding = 9; includeInIndex = 0; lastKnownFileType = archive.ar; path = libRCTJPushModule.a; sourceTree = "<group>"; };
		D6BFD4209FFA42F885E0012E /* FontAwesome.ttf */ = {isa = PBXFileReference; explicitFileType = undefined; fileEncoding = 9; includeInIndex = 0; lastKnownFileType = unknown; name = FontAwesome.ttf; path = "../node_modules/react-native-vector-icons/Fonts/FontAwesome.ttf"; sourceTree = "<group>"; };
		F79F344771464B2C82DFEC84 /* libRCTSplashScreen.a */ = {isa = PBXFileReference; explicitFileType = undefined; fileEncoding = 9; includeInIndex = 0; lastKnownFileType = archive.ar; path = libRCTSplashScreen.a; sourceTree = "<group>"; };
/* End PBXFileReference section */

/* Begin PBXFrameworksBuildPhase section */
		00E356EB1AD99517003FC87E /* Frameworks */ = {
			isa = PBXFrameworksBuildPhase;
			buildActionMask = 2147483647;
			files = (
				140ED2AC1D01E1AD002B40FF /* libReact.a in Frameworks */,
			);
			runOnlyForDeploymentPostprocessing = 0;
		};
		13B07F8C1A680F5B00A75B9A /* Frameworks */ = {
			isa = PBXFrameworksBuildPhase;
			buildActionMask = 2147483647;
			files = (
				8396A14C1E5160DF006DE6EA /* AlipaySDK.framework in Frameworks */,
				835717D41E2DD3E900CFFEF9 /* libz.tbd in Frameworks */,
				8393E4231E457CCC003AB8EC /* libCodePush.a in Frameworks */,
				8396A12E1E5160AF006DE6EA /* RCTAliPay.xcodeproj in Frameworks */,
				83EFF4E01E30794900687656 /* AssetsLibrary.framework in Frameworks */,
				835717E61E2DD51E00CFFEF9 /* CoreMotion.framework in Frameworks */,
				835717E41E2DD51300CFFEF9 /* CFNetwork.framework in Frameworks */,
				835717E21E2DD50700CFFEF9 /* Foundation.framework in Frameworks */,
				835717E01E2DD43800CFFEF9 /* UIKit.framework in Frameworks */,
				835717DE1E2DD42F00CFFEF9 /* CoreGraphics.framework in Frameworks */,
				835717DC1E2DD42500CFFEF9 /* CoreText.framework in Frameworks */,
				835717DA1E2DD41B00CFFEF9 /* QuartzCore.framework in Frameworks */,
				835717D81E2DD41000CFFEF9 /* CoreTelephony.framework in Frameworks */,
				835717D61E2DD3FF00CFFEF9 /* SystemConfiguration.framework in Frameworks */,
				834CB46B1E2EFB540020DA36 /* libRNFS.a in Frameworks */,
				835717D21E2DD3CB00CFFEF9 /* libc++.tbd in Frameworks */,
				83EA66C51E2C5DD400EF4E3B /* libRNDeviceInfo.a in Frameworks */,
				9FD4E0441E222EDD0015B6FD /* libRCTCameraRoll.a in Frameworks */,
				5E9157361DD0AC6A00FF2AA8 /* libRCTAnimation.a in Frameworks */,
				146834051AC3E58100842450 /* libReact.a in Frameworks */,
				00C302E51ABCBA2D00DB3ED1 /* libRCTActionSheet.a in Frameworks */,
				00C302E71ABCBA2D00DB3ED1 /* libRCTGeolocation.a in Frameworks */,
				00C302E81ABCBA2D00DB3ED1 /* libRCTImage.a in Frameworks */,
				133E29F31AD74F7200F7D852 /* libRCTLinking.a in Frameworks */,
				00C302E91ABCBA2D00DB3ED1 /* libRCTNetwork.a in Frameworks */,
				139105C61AF99C1200B5F7CC /* libRCTSettings.a in Frameworks */,
				832341BD1AAA6AB300B99B32 /* libRCTText.a in Frameworks */,
				00C302EA1ABCBA2D00DB3ED1 /* libRCTVibration.a in Frameworks */,
				139FDEF61B0652A700C62182 /* libRCTWebSocket.a in Frameworks */,
				19A43C5260AC480A950B16E3 /* libRCTSplashScreen.a in Frameworks */,
				24A64755902F404BA3C85495 /* libRNVectorIcons.a in Frameworks */,
				A594C66395D04BB994FB93DF /* libRNSpinkit.a in Frameworks */,
				CC4DF1E173F74D18A449A760 /* libRCTBEEPickerManager.a in Frameworks */,
				6A812932DB8A4CA8962E0032 /* libRCTJPushModule.a in Frameworks */,
			);
			runOnlyForDeploymentPostprocessing = 0;
		};
/* End PBXFrameworksBuildPhase section */

/* Begin PBXGroup section */
		00C302A81ABCB8CE00DB3ED1 /* Products */ = {
			isa = PBXGroup;
			children = (
				00C302AC1ABCB8CE00DB3ED1 /* libRCTActionSheet.a */,
			);
			name = Products;
			sourceTree = "<group>";
		};
		00C302B61ABCB90400DB3ED1 /* Products */ = {
			isa = PBXGroup;
			children = (
				00C302BA1ABCB90400DB3ED1 /* libRCTGeolocation.a */,
			);
			name = Products;
			sourceTree = "<group>";
		};
		00C302BC1ABCB91800DB3ED1 /* Products */ = {
			isa = PBXGroup;
			children = (
				00C302C01ABCB91800DB3ED1 /* libRCTImage.a */,
				839896971E19498100CB0E19 /* libRCTImage-tvOS.a */,
			);
			name = Products;
			sourceTree = "<group>";
		};
		00C302D41ABCB9D200DB3ED1 /* Products */ = {
			isa = PBXGroup;
			children = (
				00C302DC1ABCB9D200DB3ED1 /* libRCTNetwork.a */,
				8398969F1E19498100CB0E19 /* libRCTNetwork-tvOS.a */,
			);
			name = Products;
			sourceTree = "<group>";
		};
		00C302E01ABCB9EE00DB3ED1 /* Products */ = {
			isa = PBXGroup;
			children = (
				00C302E41ABCB9EE00DB3ED1 /* libRCTVibration.a */,
			);
			name = Products;
			sourceTree = "<group>";
		};
		00E356EF1AD99517003FC87E /* scsTests */ = {
			isa = PBXGroup;
			children = (
				00E356F21AD99517003FC87E /* scsTests.m */,
				00E356F01AD99517003FC87E /* Supporting Files */,
			);
			path = scsTests;
			sourceTree = "<group>";
		};
		00E356F01AD99517003FC87E /* Supporting Files */ = {
			isa = PBXGroup;
			children = (
				00E356F11AD99517003FC87E /* Info.plist */,
			);
			name = "Supporting Files";
			sourceTree = "<group>";
		};
		139105B71AF99BAD00B5F7CC /* Products */ = {
			isa = PBXGroup;
			children = (
				139105C11AF99BAD00B5F7CC /* libRCTSettings.a */,
				839896A31E19498100CB0E19 /* libRCTSettings-tvOS.a */,
			);
			name = Products;
			sourceTree = "<group>";
		};
		139FDEE71B06529A00C62182 /* Products */ = {
			isa = PBXGroup;
			children = (
				139FDEF41B06529B00C62182 /* libRCTWebSocket.a */,
				839896AF1E19498100CB0E19 /* libRCTWebSocket-tvOS.a */,
			);
			name = Products;
			sourceTree = "<group>";
		};
		13B07FAE1A68108700A75B9A /* scs */ = {
			isa = PBXGroup;
			children = (
				83F9A1AD1E484CA200D59A53 /* LaunchScreen.xib */,
				83F9A1AE1E484CA200D59A53 /* splash.png */,
				8372FFE21E32001F005976FD /* public_key.der */,
				8372FFE31E32001F005976FD /* private_key.p12 */,
				83EA51181E2F70DC00EF5535 /* ImageCompress.h */,
				83EA51191E2F70DC00EF5535 /* ImageCompress.m */,
				83EA50E51E2F6F9300EF5535 /* DFPlugins.m */,
				83EA50E61E2F6F9300EF5535 /* DFPlugins.h */,
				835717C91E2DD32900CFFEF9 /* AliPayResouces */,
				835717CB1E2DD32900CFFEF9 /* Frameworks */,
				83DFDBCE1E2B23F700DA66B8 /* GBase64.h */,
				83DFDBCF1E2B23F700DA66B8 /* GBase64.m */,
				83DFDBD01E2B23F700DA66B8 /* HttpRsaGzip.h */,
				83DFDBD11E2B23F700DA66B8 /* HttpRsaGzip.m */,
				83DFDBD21E2B23F700DA66B8 /* LFCGzip+Base64Util.h */,
				83DFDBD31E2B23F700DA66B8 /* LFCGzip+Base64Util.m */,
				83DFDBD41E2B23F700DA66B8 /* LFCGzipUtillity.h */,
				83DFDBD51E2B23F700DA66B8 /* LFCGzipUtillity.m */,
				008F07F21AC5B25A0029DE68 /* main.jsbundle */,
				13B07FAF1A68108700A75B9A /* AppDelegate.h */,
				13B07FB01A68108700A75B9A /* AppDelegate.m */,
				13B07FB51A68108700A75B9A /* Images.xcassets */,
				13B07FB61A68108700A75B9A /* Info.plist */,
				13B07FB71A68108700A75B9A /* main.m */,
				8372FFDF1E31FDD9005976FD /* RSASign.h */,
				8372FFE01E31FDD9005976FD /* RSASign.m */,
			);
			name = scs;
			sourceTree = "<group>";
		};
		146834001AC3E56700842450 /* Products */ = {
			isa = PBXGroup;
			children = (
				146834041AC3E56700842450 /* libReact.a */,
				839896B31E19498100CB0E19 /* libReact-tvOS.a */,
			);
			name = Products;
			sourceTree = "<group>";
		};
		5E91572E1DD0AC6500FF2AA8 /* Products */ = {
			isa = PBXGroup;
			children = (
				5E9157331DD0AC6500FF2AA8 /* libRCTAnimation.a */,
				5E9157351DD0AC6500FF2AA8 /* libRCTAnimation-tvOS.a */,
			);
			name = Products;
			sourceTree = "<group>";
		};
		78C398B11ACF4ADC00677621 /* Products */ = {
			isa = PBXGroup;
			children = (
				78C398B91ACF4ADC00677621 /* libRCTLinking.a */,
				8398969B1E19498100CB0E19 /* libRCTLinking-tvOS.a */,
			);
			name = Products;
			sourceTree = "<group>";
		};
		832341AE1AAA6A7D00B99B32 /* Libraries */ = {
			isa = PBXGroup;
			children = (
				8393E4011E457BF1003AB8EC /* CodePush.xcodeproj */,
				834CB44A1E2EFB4A0020DA36 /* RNFS.xcodeproj */,
				835717A91E2DD29F00CFFEF9 /* RCTAliPay.xcodeproj */,
				83EA66A61E2C5DA600EF4E3B /* RNDeviceInfo.xcodeproj */,
				9FD4E03E1E222E940015B6FD /* RCTCameraRoll.xcodeproj */,
				5E91572D1DD0AC6500FF2AA8 /* RCTAnimation.xcodeproj */,
				146833FF1AC3E56700842450 /* React.xcodeproj */,
				00C302A71ABCB8CE00DB3ED1 /* RCTActionSheet.xcodeproj */,
				00C302B51ABCB90400DB3ED1 /* RCTGeolocation.xcodeproj */,
				00C302BB1ABCB91800DB3ED1 /* RCTImage.xcodeproj */,
				78C398B01ACF4ADC00677621 /* RCTLinking.xcodeproj */,
				00C302D31ABCB9D200DB3ED1 /* RCTNetwork.xcodeproj */,
				139105B61AF99BAD00B5F7CC /* RCTSettings.xcodeproj */,
				832341B01AAA6A8300B99B32 /* RCTText.xcodeproj */,
				00C302DF1ABCB9EE00DB3ED1 /* RCTVibration.xcodeproj */,
				139FDEE61B06529A00C62182 /* RCTWebSocket.xcodeproj */,
				6D9F723DCCAC49639A33BB8E /* RCTSplashScreen.xcodeproj */,
				A4603C38D6FA47C58BB93AB6 /* RNVectorIcons.xcodeproj */,
				850590DA1F8447C989941C44 /* RNSpinkit.xcodeproj */,
				7B33988A716D4AF5BE41E270 /* RCTBEEPickerManager.xcodeproj */,
				248FD42788474F79A223B56D /* RCTJPushModule.xcodeproj */,
			);
			name = Libraries;
			sourceTree = "<group>";
		};
		832341B11AAA6A8300B99B32 /* Products */ = {
			isa = PBXGroup;
			children = (
				832341B51AAA6A8300B99B32 /* libRCTText.a */,
				839896AA1E19498100CB0E19 /* libRCTText-tvOS.a */,
			);
			name = Products;
			sourceTree = "<group>";
		};
		834CB44B1E2EFB4A0020DA36 /* Products */ = {
			isa = PBXGroup;
			children = (
				834CB4681E2EFB4A0020DA36 /* libRNFS.a */,
			);
			name = Products;
			sourceTree = "<group>";
		};
		835717AA1E2DD29F00CFFEF9 /* Products */ = {
			isa = PBXGroup;
			children = (
				835717AF1E2DD2A000CFFEF9 /* libRCTAliPay.a */,
			);
			name = Products;
			sourceTree = "<group>";
		};
		835717C91E2DD32900CFFEF9 /* AliPayResouces */ = {
			isa = PBXGroup;
			children = (
				835717CA1E2DD32900CFFEF9 /* AlipaySDK.bundle */,
			);
			path = AliPayResouces;
			sourceTree = "<group>";
		};
		835717CB1E2DD32900CFFEF9 /* Frameworks */ = {
			isa = PBXGroup;
			children = (
				835717CC1E2DD32900CFFEF9 /* AlipaySDK.framework */,
			);
			path = Frameworks;
			sourceTree = "<group>";
		};
		835717D01E2DD3CB00CFFEF9 /* Frameworks */ = {
			isa = PBXGroup;
			children = (
				8351AFC71E5143D900A385DF /* AlipaySDK.framework */,
				8351AFC51E51437800A385DF /* AlipaySDK */,
				83EFF4DF1E30794900687656 /* AssetsLibrary.framework */,
				835717E51E2DD51E00CFFEF9 /* CoreMotion.framework */,
				835717E31E2DD51300CFFEF9 /* CFNetwork.framework */,
				835717E11E2DD50700CFFEF9 /* Foundation.framework */,
				835717DF1E2DD43800CFFEF9 /* UIKit.framework */,
				835717DD1E2DD42F00CFFEF9 /* CoreGraphics.framework */,
				835717DB1E2DD42500CFFEF9 /* CoreText.framework */,
				835717D91E2DD41B00CFFEF9 /* QuartzCore.framework */,
				835717D71E2DD41000CFFEF9 /* CoreTelephony.framework */,
				835717D51E2DD3FF00CFFEF9 /* SystemConfiguration.framework */,
				835717D31E2DD3E900CFFEF9 /* libz.tbd */,
				835717D11E2DD3CB00CFFEF9 /* libc++.tbd */,
			);
			name = Frameworks;
			sourceTree = "<group>";
		};
		8393E4021E457BF1003AB8EC /* Products */ = {
			isa = PBXGroup;
			children = (
				8393E4061E457BF1003AB8EC /* libCodePush.a */,
			);
			name = Products;
			sourceTree = "<group>";
		};
		839896851E19498100CB0E19 /* Products */ = {
			isa = PBXGroup;
			children = (
				839896A61E19498100CB0E19 /* libRCTSplashScreen.a */,
			);
			name = Products;
			sourceTree = "<group>";
		};
		839896871E19498100CB0E19 /* Products */ = {
			isa = PBXGroup;
			children = (
				839896B91E19498100CB0E19 /* libRNVectorIcons.a */,
			);
			name = Products;
			sourceTree = "<group>";
		};
		839896891E19498100CB0E19 /* Products */ = {
			isa = PBXGroup;
			children = (
				839896B61E19498100CB0E19 /* libRNSpinkit.a */,
			);
			name = Products;
			sourceTree = "<group>";
		};
		8398968B1E19498100CB0E19 /* Products */ = {
			isa = PBXGroup;
			children = (
				839896921E19498100CB0E19 /* libRCTBEEPickerManager.a */,
			);
			name = Products;
			sourceTree = "<group>";
		};
		83CBB9F61A601CBA00E9B192 = {
			isa = PBXGroup;
			children = (
				8393E43A1E458271003AB8EC /* CodePush.h */,
				13B07FAE1A68108700A75B9A /* scs */,
				832341AE1AAA6A7D00B99B32 /* Libraries */,
				00E356EF1AD99517003FC87E /* scsTests */,
				83CBBA001A601CBA00E9B192 /* Products */,
				D662EEE6346541079D78A2E5 /* Resources */,
				835717D01E2DD3CB00CFFEF9 /* Frameworks */,
			);
			indentWidth = 2;
			sourceTree = "<group>";
			tabWidth = 2;
		};
		83CBBA001A601CBA00E9B192 /* Products */ = {
			isa = PBXGroup;
			children = (
				13B07F961A680F5B00A75B9A /* scs.app */,
				00E356EE1AD99517003FC87E /* scsTests.xctest */,
			);
			name = Products;
			sourceTree = "<group>";
		};
		83EA66A71E2C5DA600EF4E3B /* Products */ = {
			isa = PBXGroup;
			children = (
				83EA66C21E2C5DA600EF4E3B /* libRNDeviceInfo.a */,
			);
			name = Products;
			sourceTree = "<group>";
		};
		83F8EA531E2495CD00CC78EF /* Products */ = {
			isa = PBXGroup;
			children = (
				83F8EA5F1E2495CD00CC78EF /* libRCTJPushModule.a */,
			);
			name = Products;
			sourceTree = "<group>";
		};
		9FD4E03F1E222E940015B6FD /* Products */ = {
			isa = PBXGroup;
			children = (
				9FD4E0431E222E940015B6FD /* libRCTCameraRoll.a */,
			);
			name = Products;
			sourceTree = "<group>";
		};
		D662EEE6346541079D78A2E5 /* Resources */ = {
			isa = PBXGroup;
			children = (
				BD7BC91F97A542F49C140076 /* Entypo.ttf */,
				8E39FE77E2E34B2990E77475 /* EvilIcons.ttf */,
				D6BFD4209FFA42F885E0012E /* FontAwesome.ttf */,
				1ECF6BF9010A4944AF1BDA71 /* Foundation.ttf */,
				A56CBE8EB69E4BB1B5114DEF /* Ionicons.ttf */,
				95418E460C6A4DBBA709D43C /* MaterialIcons.ttf */,
				0063527B63AD42C1A20B260E /* Octicons.ttf */,
				88F10F25BA764F37B974101E /* SimpleLineIcons.ttf */,
				38684BE51DD642AB9689409B /* Zocial.ttf */,
			);
			name = Resources;
			sourceTree = "<group>";
		};
/* End PBXGroup section */

/* Begin PBXNativeTarget section */
		00E356ED1AD99517003FC87E /* scsTests */ = {
			isa = PBXNativeTarget;
			buildConfigurationList = 00E357021AD99517003FC87E /* Build configuration list for PBXNativeTarget "scsTests" */;
			buildPhases = (
				00E356EA1AD99517003FC87E /* Sources */,
				00E356EB1AD99517003FC87E /* Frameworks */,
				00E356EC1AD99517003FC87E /* Resources */,
			);
			buildRules = (
			);
			dependencies = (
				00E356F51AD99517003FC87E /* PBXTargetDependency */,
			);
			name = scsTests;
			productName = scsTests;
			productReference = 00E356EE1AD99517003FC87E /* scsTests.xctest */;
			productType = "com.apple.product-type.bundle.unit-test";
		};
		13B07F861A680F5B00A75B9A /* scs */ = {
			isa = PBXNativeTarget;
			buildConfigurationList = 13B07F931A680F5B00A75B9A /* Build configuration list for PBXNativeTarget "scs" */;
			buildPhases = (
				13B07F871A680F5B00A75B9A /* Sources */,
				13B07F8C1A680F5B00A75B9A /* Frameworks */,
				13B07F8E1A680F5B00A75B9A /* Resources */,
				00DD1BFF1BD5951E006B06BC /* Bundle React Native code and images */,
			);
			buildRules = (
			);
			dependencies = (
			);
			name = scs;
			productName = "Hello World";
			productReference = 13B07F961A680F5B00A75B9A /* scs.app */;
			productType = "com.apple.product-type.application";
		};
/* End PBXNativeTarget section */

/* Begin PBXProject section */
		83CBB9F71A601CBA00E9B192 /* Project object */ = {
			isa = PBXProject;
			attributes = {
				LastUpgradeCheck = 610;
				ORGANIZATIONNAME = Facebook;
				TargetAttributes = {
					00E356ED1AD99517003FC87E = {
						CreatedOnToolsVersion = 6.2;
						DevelopmentTeam = 687DYWZRKU;
						ProvisioningStyle = Manual;
						TestTargetID = 13B07F861A680F5B00A75B9A;
					};
					13B07F861A680F5B00A75B9A = {
						DevelopmentTeam = 687DYWZRKU;
						ProvisioningStyle = Manual;
					};
				};
			};
			buildConfigurationList = 83CBB9FA1A601CBA00E9B192 /* Build configuration list for PBXProject "scs" */;
			compatibilityVersion = "Xcode 3.2";
			developmentRegion = English;
			hasScannedForEncodings = 0;
			knownRegions = (
				en,
				Base,
			);
			mainGroup = 83CBB9F61A601CBA00E9B192;
			productRefGroup = 83CBBA001A601CBA00E9B192 /* Products */;
			projectDirPath = "";
			projectReferences = (
				{
					ProductGroup = 8393E4021E457BF1003AB8EC /* Products */;
					ProjectRef = 8393E4011E457BF1003AB8EC /* CodePush.xcodeproj */;
				},
				{
					ProductGroup = 00C302A81ABCB8CE00DB3ED1 /* Products */;
					ProjectRef = 00C302A71ABCB8CE00DB3ED1 /* RCTActionSheet.xcodeproj */;
				},
				{
					ProductGroup = 835717AA1E2DD29F00CFFEF9 /* Products */;
					ProjectRef = 835717A91E2DD29F00CFFEF9 /* RCTAliPay.xcodeproj */;
				},
				{
					ProductGroup = 5E91572E1DD0AC6500FF2AA8 /* Products */;
					ProjectRef = 5E91572D1DD0AC6500FF2AA8 /* RCTAnimation.xcodeproj */;
				},
				{
					ProductGroup = 8398968B1E19498100CB0E19 /* Products */;
					ProjectRef = 7B33988A716D4AF5BE41E270 /* RCTBEEPickerManager.xcodeproj */;
				},
				{
					ProductGroup = 9FD4E03F1E222E940015B6FD /* Products */;
					ProjectRef = 9FD4E03E1E222E940015B6FD /* RCTCameraRoll.xcodeproj */;
				},
				{
					ProductGroup = 00C302B61ABCB90400DB3ED1 /* Products */;
					ProjectRef = 00C302B51ABCB90400DB3ED1 /* RCTGeolocation.xcodeproj */;
				},
				{
					ProductGroup = 00C302BC1ABCB91800DB3ED1 /* Products */;
					ProjectRef = 00C302BB1ABCB91800DB3ED1 /* RCTImage.xcodeproj */;
				},
				{
					ProductGroup = 83F8EA531E2495CD00CC78EF /* Products */;
					ProjectRef = 248FD42788474F79A223B56D /* RCTJPushModule.xcodeproj */;
				},
				{
					ProductGroup = 78C398B11ACF4ADC00677621 /* Products */;
					ProjectRef = 78C398B01ACF4ADC00677621 /* RCTLinking.xcodeproj */;
				},
				{
					ProductGroup = 00C302D41ABCB9D200DB3ED1 /* Products */;
					ProjectRef = 00C302D31ABCB9D200DB3ED1 /* RCTNetwork.xcodeproj */;
				},
				{
					ProductGroup = 139105B71AF99BAD00B5F7CC /* Products */;
					ProjectRef = 139105B61AF99BAD00B5F7CC /* RCTSettings.xcodeproj */;
				},
				{
					ProductGroup = 839896851E19498100CB0E19 /* Products */;
					ProjectRef = 6D9F723DCCAC49639A33BB8E /* RCTSplashScreen.xcodeproj */;
				},
				{
					ProductGroup = 832341B11AAA6A8300B99B32 /* Products */;
					ProjectRef = 832341B01AAA6A8300B99B32 /* RCTText.xcodeproj */;
				},
				{
					ProductGroup = 00C302E01ABCB9EE00DB3ED1 /* Products */;
					ProjectRef = 00C302DF1ABCB9EE00DB3ED1 /* RCTVibration.xcodeproj */;
				},
				{
					ProductGroup = 139FDEE71B06529A00C62182 /* Products */;
					ProjectRef = 139FDEE61B06529A00C62182 /* RCTWebSocket.xcodeproj */;
				},
				{
					ProductGroup = 146834001AC3E56700842450 /* Products */;
					ProjectRef = 146833FF1AC3E56700842450 /* React.xcodeproj */;
				},
				{
					ProductGroup = 83EA66A71E2C5DA600EF4E3B /* Products */;
					ProjectRef = 83EA66A61E2C5DA600EF4E3B /* RNDeviceInfo.xcodeproj */;
				},
				{
					ProductGroup = 834CB44B1E2EFB4A0020DA36 /* Products */;
					ProjectRef = 834CB44A1E2EFB4A0020DA36 /* RNFS.xcodeproj */;
				},
				{
					ProductGroup = 839896891E19498100CB0E19 /* Products */;
					ProjectRef = 850590DA1F8447C989941C44 /* RNSpinkit.xcodeproj */;
				},
				{
					ProductGroup = 839896871E19498100CB0E19 /* Products */;
					ProjectRef = A4603C38D6FA47C58BB93AB6 /* RNVectorIcons.xcodeproj */;
				},
			);
			projectRoot = "";
			targets = (
				13B07F861A680F5B00A75B9A /* scs */,
				00E356ED1AD99517003FC87E /* scsTests */,
			);
		};
/* End PBXProject section */

/* Begin PBXReferenceProxy section */
		00C302AC1ABCB8CE00DB3ED1 /* libRCTActionSheet.a */ = {
			isa = PBXReferenceProxy;
			fileType = archive.ar;
			path = libRCTActionSheet.a;
			remoteRef = 00C302AB1ABCB8CE00DB3ED1 /* PBXContainerItemProxy */;
			sourceTree = BUILT_PRODUCTS_DIR;
		};
		00C302BA1ABCB90400DB3ED1 /* libRCTGeolocation.a */ = {
			isa = PBXReferenceProxy;
			fileType = archive.ar;
			path = libRCTGeolocation.a;
			remoteRef = 00C302B91ABCB90400DB3ED1 /* PBXContainerItemProxy */;
			sourceTree = BUILT_PRODUCTS_DIR;
		};
		00C302C01ABCB91800DB3ED1 /* libRCTImage.a */ = {
			isa = PBXReferenceProxy;
			fileType = archive.ar;
			path = libRCTImage.a;
			remoteRef = 00C302BF1ABCB91800DB3ED1 /* PBXContainerItemProxy */;
			sourceTree = BUILT_PRODUCTS_DIR;
		};
		00C302DC1ABCB9D200DB3ED1 /* libRCTNetwork.a */ = {
			isa = PBXReferenceProxy;
			fileType = archive.ar;
			path = libRCTNetwork.a;
			remoteRef = 00C302DB1ABCB9D200DB3ED1 /* PBXContainerItemProxy */;
			sourceTree = BUILT_PRODUCTS_DIR;
		};
		00C302E41ABCB9EE00DB3ED1 /* libRCTVibration.a */ = {
			isa = PBXReferenceProxy;
			fileType = archive.ar;
			path = libRCTVibration.a;
			remoteRef = 00C302E31ABCB9EE00DB3ED1 /* PBXContainerItemProxy */;
			sourceTree = BUILT_PRODUCTS_DIR;
		};
		139105C11AF99BAD00B5F7CC /* libRCTSettings.a */ = {
			isa = PBXReferenceProxy;
			fileType = archive.ar;
			path = libRCTSettings.a;
			remoteRef = 139105C01AF99BAD00B5F7CC /* PBXContainerItemProxy */;
			sourceTree = BUILT_PRODUCTS_DIR;
		};
		139FDEF41B06529B00C62182 /* libRCTWebSocket.a */ = {
			isa = PBXReferenceProxy;
			fileType = archive.ar;
			path = libRCTWebSocket.a;
			remoteRef = 139FDEF31B06529B00C62182 /* PBXContainerItemProxy */;
			sourceTree = BUILT_PRODUCTS_DIR;
		};
		146834041AC3E56700842450 /* libReact.a */ = {
			isa = PBXReferenceProxy;
			fileType = archive.ar;
			path = libReact.a;
			remoteRef = 146834031AC3E56700842450 /* PBXContainerItemProxy */;
			sourceTree = BUILT_PRODUCTS_DIR;
		};
		5E9157331DD0AC6500FF2AA8 /* libRCTAnimation.a */ = {
			isa = PBXReferenceProxy;
			fileType = archive.ar;
			path = libRCTAnimation.a;
			remoteRef = 5E9157321DD0AC6500FF2AA8 /* PBXContainerItemProxy */;
			sourceTree = BUILT_PRODUCTS_DIR;
		};
		5E9157351DD0AC6500FF2AA8 /* libRCTAnimation-tvOS.a */ = {
			isa = PBXReferenceProxy;
			fileType = archive.ar;
			path = "libRCTAnimation-tvOS.a";
			remoteRef = 5E9157341DD0AC6500FF2AA8 /* PBXContainerItemProxy */;
			sourceTree = BUILT_PRODUCTS_DIR;
		};
		78C398B91ACF4ADC00677621 /* libRCTLinking.a */ = {
			isa = PBXReferenceProxy;
			fileType = archive.ar;
			path = libRCTLinking.a;
			remoteRef = 78C398B81ACF4ADC00677621 /* PBXContainerItemProxy */;
			sourceTree = BUILT_PRODUCTS_DIR;
		};
		832341B51AAA6A8300B99B32 /* libRCTText.a */ = {
			isa = PBXReferenceProxy;
			fileType = archive.ar;
			path = libRCTText.a;
			remoteRef = 832341B41AAA6A8300B99B32 /* PBXContainerItemProxy */;
			sourceTree = BUILT_PRODUCTS_DIR;
		};
		834CB4681E2EFB4A0020DA36 /* libRNFS.a */ = {
			isa = PBXReferenceProxy;
			fileType = archive.ar;
			path = libRNFS.a;
			remoteRef = 834CB4671E2EFB4A0020DA36 /* PBXContainerItemProxy */;
			sourceTree = BUILT_PRODUCTS_DIR;
		};
		835717AF1E2DD2A000CFFEF9 /* libRCTAliPay.a */ = {
			isa = PBXReferenceProxy;
			fileType = archive.ar;
			path = libRCTAliPay.a;
			remoteRef = 835717AE1E2DD2A000CFFEF9 /* PBXContainerItemProxy */;
			sourceTree = BUILT_PRODUCTS_DIR;
		};
		8393E4061E457BF1003AB8EC /* libCodePush.a */ = {
			isa = PBXReferenceProxy;
			fileType = archive.ar;
			path = libCodePush.a;
			remoteRef = 8393E4051E457BF1003AB8EC /* PBXContainerItemProxy */;
			sourceTree = BUILT_PRODUCTS_DIR;
		};
		839896921E19498100CB0E19 /* libRCTBEEPickerManager.a */ = {
			isa = PBXReferenceProxy;
			fileType = archive.ar;
			path = libRCTBEEPickerManager.a;
			remoteRef = 839896911E19498100CB0E19 /* PBXContainerItemProxy */;
			sourceTree = BUILT_PRODUCTS_DIR;
		};
		839896971E19498100CB0E19 /* libRCTImage-tvOS.a */ = {
			isa = PBXReferenceProxy;
			fileType = archive.ar;
			path = "libRCTImage-tvOS.a";
			remoteRef = 839896961E19498100CB0E19 /* PBXContainerItemProxy */;
			sourceTree = BUILT_PRODUCTS_DIR;
		};
		8398969B1E19498100CB0E19 /* libRCTLinking-tvOS.a */ = {
			isa = PBXReferenceProxy;
			fileType = archive.ar;
			path = "libRCTLinking-tvOS.a";
			remoteRef = 8398969A1E19498100CB0E19 /* PBXContainerItemProxy */;
			sourceTree = BUILT_PRODUCTS_DIR;
		};
		8398969F1E19498100CB0E19 /* libRCTNetwork-tvOS.a */ = {
			isa = PBXReferenceProxy;
			fileType = archive.ar;
			path = "libRCTNetwork-tvOS.a";
			remoteRef = 8398969E1E19498100CB0E19 /* PBXContainerItemProxy */;
			sourceTree = BUILT_PRODUCTS_DIR;
		};
		839896A31E19498100CB0E19 /* libRCTSettings-tvOS.a */ = {
			isa = PBXReferenceProxy;
			fileType = archive.ar;
			path = "libRCTSettings-tvOS.a";
			remoteRef = 839896A21E19498100CB0E19 /* PBXContainerItemProxy */;
			sourceTree = BUILT_PRODUCTS_DIR;
		};
		839896A61E19498100CB0E19 /* libRCTSplashScreen.a */ = {
			isa = PBXReferenceProxy;
			fileType = archive.ar;
			path = libRCTSplashScreen.a;
			remoteRef = 839896A51E19498100CB0E19 /* PBXContainerItemProxy */;
			sourceTree = BUILT_PRODUCTS_DIR;
		};
		839896AA1E19498100CB0E19 /* libRCTText-tvOS.a */ = {
			isa = PBXReferenceProxy;
			fileType = archive.ar;
			path = "libRCTText-tvOS.a";
			remoteRef = 839896A91E19498100CB0E19 /* PBXContainerItemProxy */;
			sourceTree = BUILT_PRODUCTS_DIR;
		};
		839896AF1E19498100CB0E19 /* libRCTWebSocket-tvOS.a */ = {
			isa = PBXReferenceProxy;
			fileType = archive.ar;
			path = "libRCTWebSocket-tvOS.a";
			remoteRef = 839896AE1E19498100CB0E19 /* PBXContainerItemProxy */;
			sourceTree = BUILT_PRODUCTS_DIR;
		};
		839896B31E19498100CB0E19 /* libReact-tvOS.a */ = {
			isa = PBXReferenceProxy;
			fileType = archive.ar;
			path = "libReact-tvOS.a";
			remoteRef = 839896B21E19498100CB0E19 /* PBXContainerItemProxy */;
			sourceTree = BUILT_PRODUCTS_DIR;
		};
		839896B61E19498100CB0E19 /* libRNSpinkit.a */ = {
			isa = PBXReferenceProxy;
			fileType = archive.ar;
			path = libRNSpinkit.a;
			remoteRef = 839896B51E19498100CB0E19 /* PBXContainerItemProxy */;
			sourceTree = BUILT_PRODUCTS_DIR;
		};
		839896B91E19498100CB0E19 /* libRNVectorIcons.a */ = {
			isa = PBXReferenceProxy;
			fileType = archive.ar;
			path = libRNVectorIcons.a;
			remoteRef = 839896B81E19498100CB0E19 /* PBXContainerItemProxy */;
			sourceTree = BUILT_PRODUCTS_DIR;
		};
		83EA66C21E2C5DA600EF4E3B /* libRNDeviceInfo.a */ = {
			isa = PBXReferenceProxy;
			fileType = archive.ar;
			path = libRNDeviceInfo.a;
			remoteRef = 83EA66C11E2C5DA600EF4E3B /* PBXContainerItemProxy */;
			sourceTree = BUILT_PRODUCTS_DIR;
		};
		83F8EA5F1E2495CD00CC78EF /* libRCTJPushModule.a */ = {
			isa = PBXReferenceProxy;
			fileType = archive.ar;
			path = libRCTJPushModule.a;
			remoteRef = 83F8EA5E1E2495CD00CC78EF /* PBXContainerItemProxy */;
			sourceTree = BUILT_PRODUCTS_DIR;
		};
		9FD4E0431E222E940015B6FD /* libRCTCameraRoll.a */ = {
			isa = PBXReferenceProxy;
			fileType = archive.ar;
			path = libRCTCameraRoll.a;
			remoteRef = 9FD4E0421E222E940015B6FD /* PBXContainerItemProxy */;
			sourceTree = BUILT_PRODUCTS_DIR;
		};
/* End PBXReferenceProxy section */

/* Begin PBXResourcesBuildPhase section */
		00E356EC1AD99517003FC87E /* Resources */ = {
			isa = PBXResourcesBuildPhase;
			buildActionMask = 2147483647;
			files = (
			);
			runOnlyForDeploymentPostprocessing = 0;
		};
		13B07F8E1A680F5B00A75B9A /* Resources */ = {
			isa = PBXResourcesBuildPhase;
			buildActionMask = 2147483647;
			files = (
				13B07FBF1A68108700A75B9A /* Images.xcassets in Resources */,
				8372FFE41E32001F005976FD /* public_key.der in Resources */,
				BEE5B3F8FA61436D8A47E379 /* Entypo.ttf in Resources */,
				417621E67E1C4A3A8453AF48 /* EvilIcons.ttf in Resources */,
				83F9A1B01E484CA200D59A53 /* splash.png in Resources */,
				DE20D4F2E36C453FB4687DFB /* FontAwesome.ttf in Resources */,
				079CDB81045F42FB830E1030 /* Foundation.ttf in Resources */,
				835717CD1E2DD32900CFFEF9 /* AlipaySDK.bundle in Resources */,
				83D2531B825D45BC8426892B /* Ionicons.ttf in Resources */,
				67A96A1652A54079AFFD9E0F /* MaterialIcons.ttf in Resources */,
				9342A3AC32384637ADD01A12 /* Octicons.ttf in Resources */,
				83F9A1AF1E484CA200D59A53 /* LaunchScreen.xib in Resources */,
				8372FFE51E32001F005976FD /* private_key.p12 in Resources */,
				D1DCE31FC3794153840F9424 /* SimpleLineIcons.ttf in Resources */,
				16B6A3CB28174817B1A25F1E /* Zocial.ttf in Resources */,
			);
			runOnlyForDeploymentPostprocessing = 0;
		};
/* End PBXResourcesBuildPhase section */

/* Begin PBXShellScriptBuildPhase section */
		00DD1BFF1BD5951E006B06BC /* Bundle React Native code and images */ = {
			isa = PBXShellScriptBuildPhase;
			buildActionMask = 2147483647;
			files = (
			);
			inputPaths = (
			);
			name = "Bundle React Native code and images";
			outputPaths = (
			);
			runOnlyForDeploymentPostprocessing = 0;
			shellPath = /bin/sh;
			shellScript = "export NODE_BINARY=node\n../node_modules/react-native/packager/react-native-xcode.sh";
		};
/* End PBXShellScriptBuildPhase section */

/* Begin PBXSourcesBuildPhase section */
		00E356EA1AD99517003FC87E /* Sources */ = {
			isa = PBXSourcesBuildPhase;
			buildActionMask = 2147483647;
			files = (
				00E356F31AD99517003FC87E /* scsTests.m in Sources */,
			);
			runOnlyForDeploymentPostprocessing = 0;
		};
		13B07F871A680F5B00A75B9A /* Sources */ = {
			isa = PBXSourcesBuildPhase;
			buildActionMask = 2147483647;
			files = (
				83DFDBD81E2B23F700DA66B8 /* LFCGzip+Base64Util.m in Sources */,
				83EA511A1E2F70DC00EF5535 /* ImageCompress.m in Sources */,
				83DFDBD91E2B23F700DA66B8 /* LFCGzipUtillity.m in Sources */,
				83DFDBD71E2B23F700DA66B8 /* HttpRsaGzip.m in Sources */,
				83EA50E71E2F6F9300EF5535 /* DFPlugins.m in Sources */,
				83DFDBD61E2B23F700DA66B8 /* GBase64.m in Sources */,
				13B07FBC1A68108700A75B9A /* AppDelegate.m in Sources */,
				13B07FC11A68108700A75B9A /* main.m in Sources */,
				8372FFE11E31FDD9005976FD /* RSASign.m in Sources */,
			);
			runOnlyForDeploymentPostprocessing = 0;
		};
/* End PBXSourcesBuildPhase section */

/* Begin PBXTargetDependency section */
		00E356F51AD99517003FC87E /* PBXTargetDependency */ = {
			isa = PBXTargetDependency;
			target = 13B07F861A680F5B00A75B9A /* scs */;
			targetProxy = 00E356F41AD99517003FC87E /* PBXContainerItemProxy */;
		};
/* End PBXTargetDependency section */

/* Begin XCBuildConfiguration section */
		00E356F61AD99517003FC87E /* Debug */ = {
			isa = XCBuildConfiguration;
			buildSettings = {
				BUNDLE_LOADER = "$(TEST_HOST)";
				"CODE_SIGN_IDENTITY[sdk=iphoneos*]" = "iPhone Developer";
				DEVELOPMENT_TEAM = 687DYWZRKU;
				GCC_PREPROCESSOR_DEFINITIONS = (
					"DEBUG=1",
					"$(inherited)",
				);
				INFOPLIST_FILE = scsTests/Info.plist;
				IPHONEOS_DEPLOYMENT_TARGET = 8.0;
				LD_RUNPATH_SEARCH_PATHS = "$(inherited) @executable_path/Frameworks @loader_path/Frameworks";
				LIBRARY_SEARCH_PATHS = (
					"$(inherited)",
					"\"$(SRCROOT)/$(TARGET_NAME)\"",
					"\"$(SRCROOT)/$(TARGET_NAME)\"",
					"\"$(SRCROOT)/$(TARGET_NAME)\"",
					"\"$(SRCROOT)/$(TARGET_NAME)\"",
					"\"$(SRCROOT)/$(TARGET_NAME)\"",
				);
				PRODUCT_BUNDLE_IDENTIFIER = "";
				PRODUCT_NAME = "$(TARGET_NAME)";
				TEST_HOST = "$(BUILT_PRODUCTS_DIR)/scs.app/scs";
			};
			name = Debug;
		};
		00E356F71AD99517003FC87E /* Release */ = {
			isa = XCBuildConfiguration;
			buildSettings = {
				BUNDLE_LOADER = "$(TEST_HOST)";
				"CODE_SIGN_IDENTITY[sdk=iphoneos*]" = "iPhone Developer";
				COPY_PHASE_STRIP = NO;
				DEVELOPMENT_TEAM = 687DYWZRKU;
				INFOPLIST_FILE = scsTests/Info.plist;
				IPHONEOS_DEPLOYMENT_TARGET = 8.0;
				LD_RUNPATH_SEARCH_PATHS = "$(inherited) @executable_path/Frameworks @loader_path/Frameworks";
				LIBRARY_SEARCH_PATHS = (
					"$(inherited)",
					"\"$(SRCROOT)/$(TARGET_NAME)\"",
					"\"$(SRCROOT)/$(TARGET_NAME)\"",
					"\"$(SRCROOT)/$(TARGET_NAME)\"",
					"\"$(SRCROOT)/$(TARGET_NAME)\"",
					"\"$(SRCROOT)/$(TARGET_NAME)\"",
				);
				PRODUCT_BUNDLE_IDENTIFIER = "";
				PRODUCT_NAME = "$(TARGET_NAME)";
				TEST_HOST = "$(BUILT_PRODUCTS_DIR)/scs.app/scs";
			};
			name = Release;
		};
		13B07F941A680F5B00A75B9A /* Debug */ = {
			isa = XCBuildConfiguration;
			buildSettings = {
				ASSETCATALOG_COMPILER_APPICON_NAME = AppIcon;
				CODE_SIGN_IDENTITY = "iPhone Developer: yiqin.chen@sh-defan.net (W25WQNYGHN)";
				"CODE_SIGN_IDENTITY[sdk=iphoneos*]" = "iPhone Developer";
				CURRENT_PROJECT_VERSION = 1;
				DEAD_CODE_STRIPPING = NO;
				DEVELOPMENT_TEAM = 687DYWZRKU;
				FRAMEWORK_SEARCH_PATHS = (
					"$(inherited)",
					"$(PROJECT_DIR)/Frameworks",
				);
				HEADER_SEARCH_PATHS = (
					"$(inherited)",
					"$(SRCROOT)/../node_modules/react-native/React/**",
					"$(SRCROOT)/../node_modules/react-native/ReactCommon/**",
					"$(SRCROOT)/../node_modules/react-native-smart-splash-screen/ios/RCTSplashScreen/RCTSplashScreen/**",
					"$(SRCROOT)/../node_modules/react-native-vector-icons/RNVectorIconsManager",
					"$(SRCROOT)/../node_modules/react-native-spinkit/ios/**",
					"$(SRCROOT)/../node_modules/react-native-picker/ios/RCTBEEPickerManager",
					"$(SRCROOT)/../node_modules/jpush-react-native/ios/RCTJPushModule/RCTJPushModule",
					"$(SRCROOT)/../node_modules/react-native-smart-alipay/ios/RCTAliPay/RCTAliPay/**",
				);
				INFOPLIST_FILE = scs/Info.plist;
				IPHONEOS_DEPLOYMENT_TARGET = 8.0;
				LD_RUNPATH_SEARCH_PATHS = "$(inherited) @executable_path/Frameworks";
				OTHER_LDFLAGS = (
					"-framework",
					Adsupport,
					"-framework",
					Security,
					"-framework",
					UIKit,
					"-framework",
					Foundation,
					"-framework",
					CoreGraphics,
					"-framework",
					SystemConfiguration,
					"-framework",
					CoreTelephony,
					"-framework",
					CoreFoundation,
					"-framework",
					CFNetwork,
					"-lresolv",
					"-lz",
					"-framework",
					Adsupport,
					"-framework",
					Security,
					"-framework",
					UIKit,
					"-framework",
					Foundation,
					"-framework",
					CoreGraphics,
					"-framework",
					SystemConfiguration,
					"-framework",
					CoreTelephony,
					"-framework",
					CoreFoundation,
					"-framework",
					CFNetwork,
					"-lresolv",
					"-lz",
					"$(inherited)",
					"-ObjC",
					"-lc++",
				);
				PRODUCT_BUNDLE_IDENTIFIER = com.runma.scs;
				PRODUCT_NAME = scs;
				PROVISIONING_PROFILE = "c52a2c99-e0de-4c75-8de2-761cffd098cb";
				PROVISIONING_PROFILE_SPECIFIER = scsDev20170104;
				VERSIONING_SYSTEM = "apple-generic";
			};
			name = Debug;
		};
		13B07F951A680F5B00A75B9A /* Release */ = {
			isa = XCBuildConfiguration;
			buildSettings = {
				ASSETCATALOG_COMPILER_APPICON_NAME = AppIcon;
				CODE_SIGN_IDENTITY = "iPhone Developer: yiqin.chen@sh-defan.net (W25WQNYGHN)";
				"CODE_SIGN_IDENTITY[sdk=iphoneos*]" = "iPhone Developer";
				CURRENT_PROJECT_VERSION = 1;
				DEAD_CODE_STRIPPING = NO;
				DEVELOPMENT_TEAM = 687DYWZRKU;
				FRAMEWORK_SEARCH_PATHS = (
					"$(inherited)",
					"$(PROJECT_DIR)/Frameworks",
				);
				HEADER_SEARCH_PATHS = (
					"$(inherited)",
					"$(SRCROOT)/../node_modules/react-native/React/**",
					"$(SRCROOT)/../node_modules/react-native/ReactCommon/**",
					"$(SRCROOT)/../node_modules/react-native-smart-splash-screen/ios/RCTSplashScreen/RCTSplashScreen/**",
					"$(SRCROOT)/../node_modules/react-native-vector-icons/RNVectorIconsManager",
					"$(SRCROOT)/../node_modules/react-native-spinkit/ios/**",
					"$(SRCROOT)/../node_modules/react-native-picker/ios/RCTBEEPickerManager",
					"$(SRCROOT)/../node_modules/jpush-react-native/ios/RCTJPushModule/RCTJPushModule",
					"$(SRCROOT)/../node_modules/react-native-smart-alipay/ios/RCTAliPay/RCTAliPay/**",
				);
				INFOPLIST_FILE = scs/Info.plist;
				IPHONEOS_DEPLOYMENT_TARGET = 8.0;
				LD_RUNPATH_SEARCH_PATHS = "$(inherited) @executable_path/Frameworks";
				OTHER_LDFLAGS = (
					"-framework",
					Adsupport,
					"-framework",
					Security,
					"-framework",
					UIKit,
					"-framework",
					Foundation,
					"-framework",
					CoreGraphics,
					"-framework",
					SystemConfiguration,
					"-framework",
					CoreTelephony,
					"-framework",
					CoreFoundation,
					"-framework",
					CFNetwork,
					"-lresolv",
					"-lz",
					"-framework",
					Adsupport,
					"-framework",
					Security,
					"-framework",
					UIKit,
					"-framework",
					Foundation,
					"-framework",
					CoreGraphics,
					"-framework",
					SystemConfiguration,
					"-framework",
					CoreTelephony,
					"-framework",
					CoreFoundation,
					"-framework",
					CFNetwork,
					"-lresolv",
					"-lz",
					"$(inherited)",
					"-ObjC",
					"-lc++",
				);
				PRODUCT_BUNDLE_IDENTIFIER = com.runma.scs;
				PRODUCT_NAME = scs;
				PROVISIONING_PROFILE = "c52a2c99-e0de-4c75-8de2-761cffd098cb";
				PROVISIONING_PROFILE_SPECIFIER = scsDev20170104;
				VERSIONING_SYSTEM = "apple-generic";
			};
			name = Release;
		};
		83CBBA201A601CBA00E9B192 /* Debug */ = {
			isa = XCBuildConfiguration;
			buildSettings = {
				ALWAYS_SEARCH_USER_PATHS = NO;
				CLANG_CXX_LANGUAGE_STANDARD = "gnu++0x";
				CLANG_CXX_LIBRARY = "libc++";
				CLANG_ENABLE_MODULES = YES;
				CLANG_ENABLE_OBJC_ARC = YES;
				CLANG_WARN_BOOL_CONVERSION = YES;
				CLANG_WARN_CONSTANT_CONVERSION = YES;
				CLANG_WARN_DIRECT_OBJC_ISA_USAGE = YES_ERROR;
				CLANG_WARN_EMPTY_BODY = YES;
				CLANG_WARN_ENUM_CONVERSION = YES;
				CLANG_WARN_INT_CONVERSION = YES;
				CLANG_WARN_OBJC_ROOT_CLASS = YES_ERROR;
				CLANG_WARN_UNREACHABLE_CODE = YES;
				CLANG_WARN__DUPLICATE_METHOD_MATCH = YES;
				"CODE_SIGN_IDENTITY[sdk=iphoneos*]" = "iPhone Developer";
				COPY_PHASE_STRIP = NO;
				ENABLE_STRICT_OBJC_MSGSEND = YES;
				GCC_C_LANGUAGE_STANDARD = gnu99;
				GCC_DYNAMIC_NO_PIC = NO;
				GCC_OPTIMIZATION_LEVEL = 0;
				GCC_PREPROCESSOR_DEFINITIONS = (
					"DEBUG=1",
					"$(inherited)",
				);
				GCC_SYMBOLS_PRIVATE_EXTERN = NO;
				GCC_WARN_64_TO_32_BIT_CONVERSION = YES;
				GCC_WARN_ABOUT_RETURN_TYPE = YES_ERROR;
				GCC_WARN_UNDECLARED_SELECTOR = YES;
				GCC_WARN_UNINITIALIZED_AUTOS = YES_AGGRESSIVE;
				GCC_WARN_UNUSED_FUNCTION = YES;
				GCC_WARN_UNUSED_VARIABLE = YES;
				HEADER_SEARCH_PATHS = (
					"$(inherited)",
					"$(SRCROOT)/../node_modules/react-native/React/**",
					"$(SRCROOT)/../node_modules/react-native/ReactCommon/**",
					"$(SRCROOT)/../node_modules/react-native-smart-splash-screen/ios/RCTSplashScreen/RCTSplashScreen",
					"$(SRCROOT)/../node_modules/react-native-vector-icons/RNVectorIconsManager",
					"$(SRCROOT)/../node_modules/react-native-spinkit/ios/**",
					"$(SRCROOT)/../node_modules/react-native-picker/ios/RCTBEEPickerManager",
					"$(SRCROOT)/../node_modules/jpush-react-native/ios/RCTJPushModule/RCTJPushModule",
				);
				IPHONEOS_DEPLOYMENT_TARGET = 8.0;
				MTL_ENABLE_DEBUG_INFO = YES;
				ONLY_ACTIVE_ARCH = YES;
				SDKROOT = iphoneos;
			};
			name = Debug;
		};
		83CBBA211A601CBA00E9B192 /* Release */ = {
			isa = XCBuildConfiguration;
			buildSettings = {
				ALWAYS_SEARCH_USER_PATHS = NO;
				CLANG_CXX_LANGUAGE_STANDARD = "gnu++0x";
				CLANG_CXX_LIBRARY = "libc++";
				CLANG_ENABLE_MODULES = YES;
				CLANG_ENABLE_OBJC_ARC = YES;
				CLANG_WARN_BOOL_CONVERSION = YES;
				CLANG_WARN_CONSTANT_CONVERSION = YES;
				CLANG_WARN_DIRECT_OBJC_ISA_USAGE = YES_ERROR;
				CLANG_WARN_EMPTY_BODY = YES;
				CLANG_WARN_ENUM_CONVERSION = YES;
				CLANG_WARN_INT_CONVERSION = YES;
				CLANG_WARN_OBJC_ROOT_CLASS = YES_ERROR;
				CLANG_WARN_UNREACHABLE_CODE = YES;
				CLANG_WARN__DUPLICATE_METHOD_MATCH = YES;
				"CODE_SIGN_IDENTITY[sdk=iphoneos*]" = "iPhone Developer";
				COPY_PHASE_STRIP = YES;
				ENABLE_NS_ASSERTIONS = NO;
				ENABLE_STRICT_OBJC_MSGSEND = YES;
				GCC_C_LANGUAGE_STANDARD = gnu99;
				GCC_WARN_64_TO_32_BIT_CONVERSION = YES;
				GCC_WARN_ABOUT_RETURN_TYPE = YES_ERROR;
				GCC_WARN_UNDECLARED_SELECTOR = YES;
				GCC_WARN_UNINITIALIZED_AUTOS = YES_AGGRESSIVE;
				GCC_WARN_UNUSED_FUNCTION = YES;
				GCC_WARN_UNUSED_VARIABLE = YES;
				HEADER_SEARCH_PATHS = (
					"$(inherited)",
					"$(SRCROOT)/../node_modules/react-native/React/**",
					"$(SRCROOT)/../node_modules/react-native/ReactCommon/**",
					"$(SRCROOT)/../node_modules/react-native-smart-splash-screen/ios/RCTSplashScreen/RCTSplashScreen",
					"$(SRCROOT)/../node_modules/react-native-vector-icons/RNVectorIconsManager",
					"$(SRCROOT)/../node_modules/react-native-spinkit/ios/**",
					"$(SRCROOT)/../node_modules/react-native-picker/ios/RCTBEEPickerManager",
					"$(SRCROOT)/../node_modules/jpush-react-native/ios/RCTJPushModule/RCTJPushModule",
				);
				IPHONEOS_DEPLOYMENT_TARGET = 8.0;
				MTL_ENABLE_DEBUG_INFO = NO;
				SDKROOT = iphoneos;
				VALIDATE_PRODUCT = YES;
			};
			name = Release;
		};
/* End XCBuildConfiguration section */

/* Begin XCConfigurationList section */
		00E357021AD99517003FC87E /* Build configuration list for PBXNativeTarget "scsTests" */ = {
			isa = XCConfigurationList;
			buildConfigurations = (
				00E356F61AD99517003FC87E /* Debug */,
				00E356F71AD99517003FC87E /* Release */,
			);
			defaultConfigurationIsVisible = 0;
			defaultConfigurationName = Release;
		};
		13B07F931A680F5B00A75B9A /* Build configuration list for PBXNativeTarget "scs" */ = {
			isa = XCConfigurationList;
			buildConfigurations = (
				13B07F941A680F5B00A75B9A /* Debug */,
				13B07F951A680F5B00A75B9A /* Release */,
			);
			defaultConfigurationIsVisible = 0;
			defaultConfigurationName = Release;
		};
		83CBB9FA1A601CBA00E9B192 /* Build configuration list for PBXProject "scs" */ = {
			isa = XCConfigurationList;
			buildConfigurations = (
				83CBBA201A601CBA00E9B192 /* Debug */,
				83CBBA211A601CBA00E9B192 /* Release */,
			);
			defaultConfigurationIsVisible = 0;
			defaultConfigurationName = Release;
		};
/* End XCConfigurationList section */
	};
	rootObject = 83CBB9F71A601CBA00E9B192 /* Project object */;
}
